
Microsoft Visual Studio Solution File, Format Version 12.00
# Visual Studio 15
VisualStudioVersion = 15.0.26124.0
MinimumVisualStudioVersion = 15.0.26124.0
Project("{9A19103F-16F7-4668-BE54-9A1E7A4F7556}") = "R5T.Glenrothes.DropboxRivetData.Construction", "R5T.Glenrothes.DropboxRivetData.Construction\R5T.Glenrothes.DropboxRivetData.Construction.csproj", "{C70B6FF6-B58D-433A-A9CD-5AB55B69BA8D}"
EndProject
Project("{9A19103F-16F7-4668-BE54-9A1E7A4F7556}") = "R5T.Glenrothes.DropboxRivetData", "R5T.Glenrothes.DropboxRivetData\R5T.Glenrothes.DropboxRivetData.csproj", "{30C49EAE-BD65-4A38-8661-91CAAFBBB64D}"
EndProject
Project("{9A19103F-16F7-4668-BE54-9A1E7A4F7556}") = "R5T.Glenrothes.DropboxRivetData.Testing", "R5T.Glenrothes.DropboxRivetData.Testing\R5T.Glenrothes.DropboxRivetData.Testing.csproj", "{66F97371-55E6-4180-A6DC-29A00AFF3C27}"
EndProject
Project("{2150E333-8FDC-42A3-9474-1A3956D46DE8}") = "_Dependencies", "_Dependencies", "{3AAC8201-2F71-4D7F-9A5C-37E492DEDF2B}"
EndProject
Project("{9A19103F-16F7-4668-BE54-9A1E7A4F7556}") = "R5T.Glenrothes.Findhorn", "..\..\R5T.Glenrothes.Findhorn\source\R5T.Glenrothes.Findhorn\R5T.Glenrothes.Findhorn.csproj", "{D34778E4-4D50-47F5-86AB-859F4789E12B}"
EndProject
Project("{9A19103F-16F7-4668-BE54-9A1E7A4F7556}") = "R5T.Findhorn.DropboxRivet", "..\..\R5T.Findhorn.DropboxRivet\source\R5T.Findhorn.DropboxRivet\R5T.Findhorn.DropboxRivet.csproj", "{3E50B5C5-18BA-4A6B-BE60-EFF36002BD42}"
EndProject
Project("{9A19103F-16F7-4668-BE54-9A1E7A4F7556}") = "R5T.Lombardy.Standard", "..\..\R5T.Lombardy.Standard\source\R5T.Lombardy.Standard\R5T.Lombardy.Standard.csproj", "{153DB877-309A-473A-A24F-94A1B56C2556}"
EndProject
Project("{9A19103F-16F7-4668-BE54-9A1E7A4F7556}") = "R5T.Zografou.Standard", "..\..\R5T.Zografou.Standard\source\R5T.Zografou.Standard\R5T.Zografou.Standard.csproj", "{DE378086-513B-441C-9C69-9A46B3B6A9EF}"
EndProject
Project("{9A19103F-16F7-4668-BE54-9A1E7A4F7556}") = "R5T.Findhorn.Base", "..\..\R5T.Findhorn.Base\source\R5T.Findhorn.Base\R5T.Findhorn.Base.csproj", "{37DB6491-157F-4389-8696-3E0D13814B56}"
EndProject
Project("{9A19103F-16F7-4668-BE54-9A1E7A4F7556}") = "R5T.Glenrothes.Base", "..\..\R5T.Glenrothes.Base\source\R5T.Glenrothes.Base\R5T.Glenrothes.Base.csproj", "{43BA636D-92E3-470C-9E46-1FFE37372349}"
EndProject
Project("{9A19103F-16F7-4668-BE54-9A1E7A4F7556}") = "R5T.Lombardy.Base", "..\..\R5T.Lombardy.Base\source\R5T.Lombardy.Base\R5T.Lombardy.Base.csproj", "{BCA53D7D-466C-4B16-880E-E8ED127A4CC2}"
EndProject
Project("{9A19103F-16F7-4668-BE54-9A1E7A4F7556}") = "R5T.Zografou.Base", "..\..\R5T.Zografou.Base\source\R5T.Zografou.Base\R5T.Zografou.Base.csproj", "{DBAB7210-C570-461B-8AF1-95189A1B4716}"
EndProject
Project("{9A19103F-16F7-4668-BE54-9A1E7A4F7556}") = "R5T.Dalkeith.Standard", "..\..\R5T.Dalkeith.Standard\source\R5T.Dalkeith.Standard\R5T.Dalkeith.Standard.csproj", "{EA49DE46-B70E-4822-9E83-FD610FCA64E2}"
EndProject
Project("{9A19103F-16F7-4668-BE54-9A1E7A4F7556}") = "R5T.Dacia", "..\..\R5T.Dacia\source\R5T.Dacia\R5T.Dacia.csproj", "{892EF7A7-A518-4B84-BB8A-B7D43CAFC3CF}"
EndProject
Project("{9A19103F-16F7-4668-BE54-9A1E7A4F7556}") = "R5T.Dalkeith.Default", "..\..\R5T.Dalkeith.Default\source\R5T.Dalkeith.Default\R5T.Dalkeith.Default.csproj", "{85E79539-27B6-45CE-A1F2-FEEA442A1411}"
EndProject
Project("{9A19103F-16F7-4668-BE54-9A1E7A4F7556}") = "R5T.Dalkeith.Base", "..\..\R5T.Dalkeith.Base\source\R5T.Dalkeith.Base\R5T.Dalkeith.Base.csproj", "{6F28109B-8816-41CD-9FF6-697ACF08CB64}"
EndProject
Project("{9A19103F-16F7-4668-BE54-9A1E7A4F7556}") = "R5T.Dimitrios.DropboxRivet", "..\..\R5T.Dimitrios.DropboxRivet\source\R5T.Dimitrios.DropboxRivet\R5T.Dimitrios.DropboxRivet.csproj", "{7E5A31C2-454E-47B6-957E-1FF551495779}"
EndProject
Project("{9A19103F-16F7-4668-BE54-9A1E7A4F7556}") = "R5T.Dimitrios.Maoursi", "..\..\R5T.Dimitrios.Maoursi\source\R5T.Dimitrios.Maoursi\R5T.Dimitrios.Maoursi.csproj", "{169F69BB-AE0E-48B4-A057-162C76DD07DE}"
EndProject
Project("{9A19103F-16F7-4668-BE54-9A1E7A4F7556}") = "R5T.Dimitrios.Base", "..\..\R5T.Dimitrios.Base\source\R5T.Dimitrios.Base\R5T.Dimitrios.Base.csproj", "{E38306D2-586A-4618-9D22-042C8652C104}"
EndProject
Project("{9A19103F-16F7-4668-BE54-9A1E7A4F7556}") = "R5T.Egaleo.Base", "..\..\R5T.Egaleo.Base\source\R5T.Egaleo.Base\R5T.Egaleo.Base.csproj", "{FA97A82F-E026-4276-83C0-CB53C3D7CA87}"
EndProject
Project("{9A19103F-16F7-4668-BE54-9A1E7A4F7556}") = "R5T.Egaleo.Extensions", "..\..\R5T.Egaleo.Extensions\source\R5T.Egaleo.Extensions\R5T.Egaleo.Extensions.csproj", "{994348EB-89F8-436B-88EB-521D8983045B}"
EndProject
Project("{9A19103F-16F7-4668-BE54-9A1E7A4F7556}") = "R5T.Ostrogothia", "..\..\R5T.Ostrogothia\source\R5T.Ostrogothia\R5T.Ostrogothia.csproj", "{0E6C1700-B510-43A4-A4BE-C2C7F9C1E527}"
EndProject
Project("{9A19103F-16F7-4668-BE54-9A1E7A4F7556}") = "R5T.Maoursi.Base", "..\..\R5T.Maoursi.Base\source\R5T.Maoursi.Base\R5T.Maoursi.Base.csproj", "{BA00DAE1-C3E6-48AA-8F1A-3A63DD777E54}"
EndProject
Project("{9A19103F-16F7-4668-BE54-9A1E7A4F7556}") = "R5T.Oxford.Base", "..\..\R5T.Oxford.Base\source\R5T.Oxford.Base\R5T.Oxford.Base.csproj", "{F43A7A3E-6DB4-47CC-B309-9100C02ECA04}"
EndProject
Project("{9A19103F-16F7-4668-BE54-9A1E7A4F7556}") = "R5T.Egaleo.Standard", "..\..\R5T.Egaleo.Standard\source\R5T.Egaleo.Standard\R5T.Egaleo.Standard.csproj", "{652E848F-053D-4BA8-AF48-9F117C08E3C0}"
EndProject
Project("{9A19103F-16F7-4668-BE54-9A1E7A4F7556}") = "R5T.Egaleo.Default", "..\..\R5T.Egaleo.Default\source\R5T.Egaleo.Default\R5T.Egaleo.Default.csproj", "{4420E63F-BF56-4E48-A522-199CB5F174F4}"
EndProject
Project("{9A19103F-16F7-4668-BE54-9A1E7A4F7556}") = "R5T.Lombardy", "..\..\R5T.Lombardy\source\R5T.Lombardy\R5T.Lombardy.csproj", "{4C04AEA9-EF62-4951-A94C-E0F11741C34D}"
EndProject
Project("{9A19103F-16F7-4668-BE54-9A1E7A4F7556}") = "R5T.Cherusci", "..\..\R5T.Cherusci\source\R5T.Cherusci\R5T.Cherusci.csproj", "{18848B92-5329-4AB5-A29A-6635517B7FB3}"
EndProject
Project("{9A19103F-16F7-4668-BE54-9A1E7A4F7556}") = "R5T.Magyar", "..\..\R5T.Magyar\source\R5T.Magyar\R5T.Magyar.csproj", "{6105BFB4-2945-43DD-BA5F-1854CD9A9CD4}"
EndProject
Project("{9A19103F-16F7-4668-BE54-9A1E7A4F7556}") = "R5T.Rugia", "..\..\R5T.Rugia\source\R5T.Rugia\R5T.Rugia.csproj", "{D8AD6E99-05C7-45F4-871B-1BA1627C341B}"
EndProject
Project("{9A19103F-16F7-4668-BE54-9A1E7A4F7556}") = "R5T.Rugia.Base", "..\..\R5T.Rugia.Base\source\R5T.Rugia.Base\R5T.Rugia.Base.csproj", "{FA6FFBAF-F4AA-4320-8C9D-5FB395AB6179}"
EndProject
Project("{9A19103F-16F7-4668-BE54-9A1E7A4F7556}") = "R5T.Maoursi.Dropbox", "..\..\R5T.Maoursi.Dropbox\source\R5T.Maoursi.Dropbox\R5T.Maoursi.Dropbox.csproj", "{DAFE7EB3-76D7-4F92-BE5D-DDD77AB82FC4}"
EndProject
Project("{9A19103F-16F7-4668-BE54-9A1E7A4F7556}") = "R5T.Bulgaria.UserProfileDirectory", "..\..\R5T.Bulgaria.UserProfileDirectory\source\R5T.Bulgaria.UserProfileDirectory\R5T.Bulgaria.UserProfileDirectory.csproj", "{146F9847-9381-425A-AE60-FEB15B401E83}"
EndProject
Project("{9A19103F-16F7-4668-BE54-9A1E7A4F7556}") = "R5T.Bulgaria.Visigothia", "..\..\R5T.Bulgaria.Visigothia\source\R5T.Bulgaria.Visigothia\R5T.Bulgaria.Visigothia.csproj", "{D4AF1391-48B8-484F-820F-5C5851539E07}"
EndProject
Project("{9A19103F-16F7-4668-BE54-9A1E7A4F7556}") = "R5T.Bulgaria.Base", "..\..\R5T.Bulgaria.Base\source\R5T.Bulgaria.Base\R5T.Bulgaria.Base.csproj", "{43A5330E-650B-408A-BCA9-0F6B54E7C1FD}"
EndProject
Project("{9A19103F-16F7-4668-BE54-9A1E7A4F7556}") = "R5T.Peristeria.Base", "..\..\R5T.Peristeria.Base\source\R5T.Peristeria.Base\R5T.Peristeria.Base.csproj", "{446055BD-F1DF-4BBA-8B70-0B51111BD83B}"
EndProject
Project("{9A19103F-16F7-4668-BE54-9A1E7A4F7556}") = "R5T.Visigothia.Base", "..\..\R5T.Visigothia.Base\source\R5T.Visigothia.Base\R5T.Visigothia.Base.csproj", "{9A15779A-512B-4CFA-A42B-580B7F8702C9}"
EndProject
Project("{9A19103F-16F7-4668-BE54-9A1E7A4F7556}") = "R5T.Peristeria.Standard", "..\..\R5T.Peristeria.Standard\source\R5T.Peristeria.Standard\R5T.Peristeria.Standard.csproj", "{3354FC84-468A-42D7-B78A-C7BE50B0AEEF}"
EndProject
Project("{9A19103F-16F7-4668-BE54-9A1E7A4F7556}") = "R5T.Peristeria.Default", "..\..\R5T.Peristeria.Default\source\R5T.Peristeria.Default\R5T.Peristeria.Default.csproj", "{457125D8-C0D1-4A6D-8649-40D7A81E4802}"
EndProject
Project("{9A19103F-16F7-4668-BE54-9A1E7A4F7556}") = "R5T.Visigothia.Standard", "..\..\R5T.Visigothia.Standard\source\R5T.Visigothia.Standard\R5T.Visigothia.Standard.csproj", "{CA585A5D-3FBB-46B1-9B5C-3ECECDE58894}"
EndProject
Project("{9A19103F-16F7-4668-BE54-9A1E7A4F7556}") = "R5T.Visigothia.Local.Standard", "..\..\R5T.Visigothia.Local.Standard\source\R5T.Visigothia.Local.Standard\R5T.Visigothia.Local.Standard.csproj", "{597275CF-F053-4543-AA7B-96CBB4CD2367}"
EndProject
Project("{9A19103F-16F7-4668-BE54-9A1E7A4F7556}") = "R5T.Visigothia.Local.Default", "..\..\R5T.Visigothia.Local.Default\source\R5T.Visigothia.Local.Default\R5T.Visigothia.Local.Default.csproj", "{EEDE6C79-9A96-42B2-93C2-A3C0D15BBA00}"
EndProject
Project("{9A19103F-16F7-4668-BE54-9A1E7A4F7556}") = "R5T.Kalamaria.Standard", "..\..\R5T.Kalamaria.Standard\source\R5T.Kalamaria.Standard\R5T.Kalamaria.Standard.csproj", "{5EA5407B-620E-4416-ADD1-6E17262FF9B5}"
EndProject
Project("{9A19103F-16F7-4668-BE54-9A1E7A4F7556}") = "R5T.Kalamaria.Default", "..\..\R5T.Kalamaria.Default\source\R5T.Kalamaria.Default\R5T.Kalamaria.Default.csproj", "{0A0262F7-9D09-4D9E-80D1-B25F8597E21E}"
EndProject
Project("{9A19103F-16F7-4668-BE54-9A1E7A4F7556}") = "R5T.Kalamaria.Base", "..\..\R5T.Kalamaria.Base\source\R5T.Kalamaria.Base\R5T.Kalamaria.Base.csproj", "{20963E0D-3B6D-497A-B289-AA0856F4FC23}"
EndProject
Project("{9A19103F-16F7-4668-BE54-9A1E7A4F7556}") = "R5T.Maoursi.Bulgaria", "..\..\R5T.Maoursi.Bulgaria\source\R5T.Maoursi.Bulgaria\R5T.Maoursi.Bulgaria.csproj", "{A182AE0E-79AF-4546-9AAB-77C3569E7CE2}"
EndProject
Project("{9A19103F-16F7-4668-BE54-9A1E7A4F7556}") = "R5T.Oxford.Rivet.Standard", "..\..\R5T.Oxford.Rivet.Standard\source\R5T.Oxford.Rivet.Standard\R5T.Oxford.Rivet.Standard.csproj", "{21993336-6CA2-44DD-BD1D-F3474D1718CD}"
EndProject
Project("{9A19103F-16F7-4668-BE54-9A1E7A4F7556}") = "R5T.Oxford.Rivet", "..\..\R5T.Oxford.Rivet\source\R5T.Oxford.Rivet\R5T.Oxford.Rivet.csproj", "{9B002DDC-E512-41EA-9C6B-FE0E429FDB56}"
EndProject
Project("{9A19103F-16F7-4668-BE54-9A1E7A4F7556}") = "R5T.Ostrogothia.Rivet", "..\..\R5T.Ostrogothia.Rivet\source\R5T.Ostrogothia.Rivet\R5T.Ostrogothia.Rivet.csproj", "{AF54A04B-A2AE-4F27-A02C-351DAA5C5CDA}"
EndProject
Project("{9A19103F-16F7-4668-BE54-9A1E7A4F7556}") = "R5T.Findhorn.Dimitrios", "..\..\R5T.Findhorn.Dimitrios\source\R5T.Findhorn.Dimitrios\R5T.Findhorn.Dimitrios.csproj", "{5DB8F9AD-B585-4E78-8F6E-BA6ADD7698D5}"
EndProject
Project("{9A19103F-16F7-4668-BE54-9A1E7A4F7556}") = "R5T.Zografou.Default", "..\..\R5T.Zografou.Default\source\R5T.Zografou.Default\R5T.Zografou.Default.csproj", "{9993FAE2-B355-4F4C-A099-553B9E6FB665}"
EndProject
Global
	GlobalSection(SolutionConfigurationPlatforms) = preSolution
		Debug|Any CPU = Debug|Any CPU
		Debug|x64 = Debug|x64
		Debug|x86 = Debug|x86
		Release|Any CPU = Release|Any CPU
		Release|x64 = Release|x64
		Release|x86 = Release|x86
	EndGlobalSection
	GlobalSection(ProjectConfigurationPlatforms) = postSolution
		{C70B6FF6-B58D-433A-A9CD-5AB55B69BA8D}.Debug|Any CPU.ActiveCfg = Debug|Any CPU
		{C70B6FF6-B58D-433A-A9CD-5AB55B69BA8D}.Debug|Any CPU.Build.0 = Debug|Any CPU
		{C70B6FF6-B58D-433A-A9CD-5AB55B69BA8D}.Debug|x64.ActiveCfg = Debug|Any CPU
		{C70B6FF6-B58D-433A-A9CD-5AB55B69BA8D}.Debug|x64.Build.0 = Debug|Any CPU
		{C70B6FF6-B58D-433A-A9CD-5AB55B69BA8D}.Debug|x86.ActiveCfg = Debug|Any CPU
		{C70B6FF6-B58D-433A-A9CD-5AB55B69BA8D}.Debug|x86.Build.0 = Debug|Any CPU
		{C70B6FF6-B58D-433A-A9CD-5AB55B69BA8D}.Release|Any CPU.ActiveCfg = Release|Any CPU
		{C70B6FF6-B58D-433A-A9CD-5AB55B69BA8D}.Release|Any CPU.Build.0 = Release|Any CPU
		{C70B6FF6-B58D-433A-A9CD-5AB55B69BA8D}.Release|x64.ActiveCfg = Release|Any CPU
		{C70B6FF6-B58D-433A-A9CD-5AB55B69BA8D}.Release|x64.Build.0 = Release|Any CPU
		{C70B6FF6-B58D-433A-A9CD-5AB55B69BA8D}.Release|x86.ActiveCfg = Release|Any CPU
		{C70B6FF6-B58D-433A-A9CD-5AB55B69BA8D}.Release|x86.Build.0 = Release|Any CPU
		{30C49EAE-BD65-4A38-8661-91CAAFBBB64D}.Debug|Any CPU.ActiveCfg = Debug|Any CPU
		{30C49EAE-BD65-4A38-8661-91CAAFBBB64D}.Debug|Any CPU.Build.0 = Debug|Any CPU
		{30C49EAE-BD65-4A38-8661-91CAAFBBB64D}.Debug|x64.ActiveCfg = Debug|Any CPU
		{30C49EAE-BD65-4A38-8661-91CAAFBBB64D}.Debug|x64.Build.0 = Debug|Any CPU
		{30C49EAE-BD65-4A38-8661-91CAAFBBB64D}.Debug|x86.ActiveCfg = Debug|Any CPU
		{30C49EAE-BD65-4A38-8661-91CAAFBBB64D}.Debug|x86.Build.0 = Debug|Any CPU
		{30C49EAE-BD65-4A38-8661-91CAAFBBB64D}.Release|Any CPU.ActiveCfg = Release|Any CPU
		{30C49EAE-BD65-4A38-8661-91CAAFBBB64D}.Release|Any CPU.Build.0 = Release|Any CPU
		{30C49EAE-BD65-4A38-8661-91CAAFBBB64D}.Release|x64.ActiveCfg = Release|Any CPU
		{30C49EAE-BD65-4A38-8661-91CAAFBBB64D}.Release|x64.Build.0 = Release|Any CPU
		{30C49EAE-BD65-4A38-8661-91CAAFBBB64D}.Release|x86.ActiveCfg = Release|Any CPU
		{30C49EAE-BD65-4A38-8661-91CAAFBBB64D}.Release|x86.Build.0 = Release|Any CPU
		{66F97371-55E6-4180-A6DC-29A00AFF3C27}.Debug|Any CPU.ActiveCfg = Debug|Any CPU
		{66F97371-55E6-4180-A6DC-29A00AFF3C27}.Debug|Any CPU.Build.0 = Debug|Any CPU
		{66F97371-55E6-4180-A6DC-29A00AFF3C27}.Debug|x64.ActiveCfg = Debug|Any CPU
		{66F97371-55E6-4180-A6DC-29A00AFF3C27}.Debug|x64.Build.0 = Debug|Any CPU
		{66F97371-55E6-4180-A6DC-29A00AFF3C27}.Debug|x86.ActiveCfg = Debug|Any CPU
		{66F97371-55E6-4180-A6DC-29A00AFF3C27}.Debug|x86.Build.0 = Debug|Any CPU
		{66F97371-55E6-4180-A6DC-29A00AFF3C27}.Release|Any CPU.ActiveCfg = Release|Any CPU
		{66F97371-55E6-4180-A6DC-29A00AFF3C27}.Release|Any CPU.Build.0 = Release|Any CPU
		{66F97371-55E6-4180-A6DC-29A00AFF3C27}.Release|x64.ActiveCfg = Release|Any CPU
		{66F97371-55E6-4180-A6DC-29A00AFF3C27}.Release|x64.Build.0 = Release|Any CPU
		{66F97371-55E6-4180-A6DC-29A00AFF3C27}.Release|x86.ActiveCfg = Release|Any CPU
		{66F97371-55E6-4180-A6DC-29A00AFF3C27}.Release|x86.Build.0 = Release|Any CPU
		{D34778E4-4D50-47F5-86AB-859F4789E12B}.Debug|Any CPU.ActiveCfg = Debug|Any CPU
		{D34778E4-4D50-47F5-86AB-859F4789E12B}.Debug|Any CPU.Build.0 = Debug|Any CPU
		{D34778E4-4D50-47F5-86AB-859F4789E12B}.Debug|x64.ActiveCfg = Debug|Any CPU
		{D34778E4-4D50-47F5-86AB-859F4789E12B}.Debug|x64.Build.0 = Debug|Any CPU
		{D34778E4-4D50-47F5-86AB-859F4789E12B}.Debug|x86.ActiveCfg = Debug|Any CPU
		{D34778E4-4D50-47F5-86AB-859F4789E12B}.Debug|x86.Build.0 = Debug|Any CPU
		{D34778E4-4D50-47F5-86AB-859F4789E12B}.Release|Any CPU.ActiveCfg = Release|Any CPU
		{D34778E4-4D50-47F5-86AB-859F4789E12B}.Release|Any CPU.Build.0 = Release|Any CPU
		{D34778E4-4D50-47F5-86AB-859F4789E12B}.Release|x64.ActiveCfg = Release|Any CPU
		{D34778E4-4D50-47F5-86AB-859F4789E12B}.Release|x64.Build.0 = Release|Any CPU
		{D34778E4-4D50-47F5-86AB-859F4789E12B}.Release|x86.ActiveCfg = Release|Any CPU
		{D34778E4-4D50-47F5-86AB-859F4789E12B}.Release|x86.Build.0 = Release|Any CPU
		{3E50B5C5-18BA-4A6B-BE60-EFF36002BD42}.Debug|Any CPU.ActiveCfg = Debug|Any CPU
		{3E50B5C5-18BA-4A6B-BE60-EFF36002BD42}.Debug|Any CPU.Build.0 = Debug|Any CPU
		{3E50B5C5-18BA-4A6B-BE60-EFF36002BD42}.Debug|x64.ActiveCfg = Debug|Any CPU
		{3E50B5C5-18BA-4A6B-BE60-EFF36002BD42}.Debug|x64.Build.0 = Debug|Any CPU
		{3E50B5C5-18BA-4A6B-BE60-EFF36002BD42}.Debug|x86.ActiveCfg = Debug|Any CPU
		{3E50B5C5-18BA-4A6B-BE60-EFF36002BD42}.Debug|x86.Build.0 = Debug|Any CPU
		{3E50B5C5-18BA-4A6B-BE60-EFF36002BD42}.Release|Any CPU.ActiveCfg = Release|Any CPU
		{3E50B5C5-18BA-4A6B-BE60-EFF36002BD42}.Release|Any CPU.Build.0 = Release|Any CPU
		{3E50B5C5-18BA-4A6B-BE60-EFF36002BD42}.Release|x64.ActiveCfg = Release|Any CPU
		{3E50B5C5-18BA-4A6B-BE60-EFF36002BD42}.Release|x64.Build.0 = Release|Any CPU
		{3E50B5C5-18BA-4A6B-BE60-EFF36002BD42}.Release|x86.ActiveCfg = Release|Any CPU
		{3E50B5C5-18BA-4A6B-BE60-EFF36002BD42}.Release|x86.Build.0 = Release|Any CPU
		{153DB877-309A-473A-A24F-94A1B56C2556}.Debug|Any CPU.ActiveCfg = Debug|Any CPU
		{153DB877-309A-473A-A24F-94A1B56C2556}.Debug|Any CPU.Build.0 = Debug|Any CPU
		{153DB877-309A-473A-A24F-94A1B56C2556}.Debug|x64.ActiveCfg = Debug|Any CPU
		{153DB877-309A-473A-A24F-94A1B56C2556}.Debug|x64.Build.0 = Debug|Any CPU
		{153DB877-309A-473A-A24F-94A1B56C2556}.Debug|x86.ActiveCfg = Debug|Any CPU
		{153DB877-309A-473A-A24F-94A1B56C2556}.Debug|x86.Build.0 = Debug|Any CPU
		{153DB877-309A-473A-A24F-94A1B56C2556}.Release|Any CPU.ActiveCfg = Release|Any CPU
		{153DB877-309A-473A-A24F-94A1B56C2556}.Release|Any CPU.Build.0 = Release|Any CPU
		{153DB877-309A-473A-A24F-94A1B56C2556}.Release|x64.ActiveCfg = Release|Any CPU
		{153DB877-309A-473A-A24F-94A1B56C2556}.Release|x64.Build.0 = Release|Any CPU
		{153DB877-309A-473A-A24F-94A1B56C2556}.Release|x86.ActiveCfg = Release|Any CPU
		{153DB877-309A-473A-A24F-94A1B56C2556}.Release|x86.Build.0 = Release|Any CPU
		{DE378086-513B-441C-9C69-9A46B3B6A9EF}.Debug|Any CPU.ActiveCfg = Debug|Any CPU
		{DE378086-513B-441C-9C69-9A46B3B6A9EF}.Debug|Any CPU.Build.0 = Debug|Any CPU
		{DE378086-513B-441C-9C69-9A46B3B6A9EF}.Debug|x64.ActiveCfg = Debug|Any CPU
		{DE378086-513B-441C-9C69-9A46B3B6A9EF}.Debug|x64.Build.0 = Debug|Any CPU
		{DE378086-513B-441C-9C69-9A46B3B6A9EF}.Debug|x86.ActiveCfg = Debug|Any CPU
		{DE378086-513B-441C-9C69-9A46B3B6A9EF}.Debug|x86.Build.0 = Debug|Any CPU
		{DE378086-513B-441C-9C69-9A46B3B6A9EF}.Release|Any CPU.ActiveCfg = Release|Any CPU
		{DE378086-513B-441C-9C69-9A46B3B6A9EF}.Release|Any CPU.Build.0 = Release|Any CPU
		{DE378086-513B-441C-9C69-9A46B3B6A9EF}.Release|x64.ActiveCfg = Release|Any CPU
		{DE378086-513B-441C-9C69-9A46B3B6A9EF}.Release|x64.Build.0 = Release|Any CPU
		{DE378086-513B-441C-9C69-9A46B3B6A9EF}.Release|x86.ActiveCfg = Release|Any CPU
		{DE378086-513B-441C-9C69-9A46B3B6A9EF}.Release|x86.Build.0 = Release|Any CPU
		{37DB6491-157F-4389-8696-3E0D13814B56}.Debug|Any CPU.ActiveCfg = Debug|Any CPU
		{37DB6491-157F-4389-8696-3E0D13814B56}.Debug|Any CPU.Build.0 = Debug|Any CPU
		{37DB6491-157F-4389-8696-3E0D13814B56}.Debug|x64.ActiveCfg = Debug|Any CPU
		{37DB6491-157F-4389-8696-3E0D13814B56}.Debug|x64.Build.0 = Debug|Any CPU
		{37DB6491-157F-4389-8696-3E0D13814B56}.Debug|x86.ActiveCfg = Debug|Any CPU
		{37DB6491-157F-4389-8696-3E0D13814B56}.Debug|x86.Build.0 = Debug|Any CPU
		{37DB6491-157F-4389-8696-3E0D13814B56}.Release|Any CPU.ActiveCfg = Release|Any CPU
		{37DB6491-157F-4389-8696-3E0D13814B56}.Release|Any CPU.Build.0 = Release|Any CPU
		{37DB6491-157F-4389-8696-3E0D13814B56}.Release|x64.ActiveCfg = Release|Any CPU
		{37DB6491-157F-4389-8696-3E0D13814B56}.Release|x64.Build.0 = Release|Any CPU
		{37DB6491-157F-4389-8696-3E0D13814B56}.Release|x86.ActiveCfg = Release|Any CPU
		{37DB6491-157F-4389-8696-3E0D13814B56}.Release|x86.Build.0 = Release|Any CPU
		{43BA636D-92E3-470C-9E46-1FFE37372349}.Debug|Any CPU.ActiveCfg = Debug|Any CPU
		{43BA636D-92E3-470C-9E46-1FFE37372349}.Debug|Any CPU.Build.0 = Debug|Any CPU
		{43BA636D-92E3-470C-9E46-1FFE37372349}.Debug|x64.ActiveCfg = Debug|Any CPU
		{43BA636D-92E3-470C-9E46-1FFE37372349}.Debug|x64.Build.0 = Debug|Any CPU
		{43BA636D-92E3-470C-9E46-1FFE37372349}.Debug|x86.ActiveCfg = Debug|Any CPU
		{43BA636D-92E3-470C-9E46-1FFE37372349}.Debug|x86.Build.0 = Debug|Any CPU
		{43BA636D-92E3-470C-9E46-1FFE37372349}.Release|Any CPU.ActiveCfg = Release|Any CPU
		{43BA636D-92E3-470C-9E46-1FFE37372349}.Release|Any CPU.Build.0 = Release|Any CPU
		{43BA636D-92E3-470C-9E46-1FFE37372349}.Release|x64.ActiveCfg = Release|Any CPU
		{43BA636D-92E3-470C-9E46-1FFE37372349}.Release|x64.Build.0 = Release|Any CPU
		{43BA636D-92E3-470C-9E46-1FFE37372349}.Release|x86.ActiveCfg = Release|Any CPU
		{43BA636D-92E3-470C-9E46-1FFE37372349}.Release|x86.Build.0 = Release|Any CPU
		{BCA53D7D-466C-4B16-880E-E8ED127A4CC2}.Debug|Any CPU.ActiveCfg = Debug|Any CPU
		{BCA53D7D-466C-4B16-880E-E8ED127A4CC2}.Debug|Any CPU.Build.0 = Debug|Any CPU
		{BCA53D7D-466C-4B16-880E-E8ED127A4CC2}.Debug|x64.ActiveCfg = Debug|Any CPU
		{BCA53D7D-466C-4B16-880E-E8ED127A4CC2}.Debug|x64.Build.0 = Debug|Any CPU
		{BCA53D7D-466C-4B16-880E-E8ED127A4CC2}.Debug|x86.ActiveCfg = Debug|Any CPU
		{BCA53D7D-466C-4B16-880E-E8ED127A4CC2}.Debug|x86.Build.0 = Debug|Any CPU
		{BCA53D7D-466C-4B16-880E-E8ED127A4CC2}.Release|Any CPU.ActiveCfg = Release|Any CPU
		{BCA53D7D-466C-4B16-880E-E8ED127A4CC2}.Release|Any CPU.Build.0 = Release|Any CPU
		{BCA53D7D-466C-4B16-880E-E8ED127A4CC2}.Release|x64.ActiveCfg = Release|Any CPU
		{BCA53D7D-466C-4B16-880E-E8ED127A4CC2}.Release|x64.Build.0 = Release|Any CPU
		{BCA53D7D-466C-4B16-880E-E8ED127A4CC2}.Release|x86.ActiveCfg = Release|Any CPU
		{BCA53D7D-466C-4B16-880E-E8ED127A4CC2}.Release|x86.Build.0 = Release|Any CPU
		{DBAB7210-C570-461B-8AF1-95189A1B4716}.Debug|Any CPU.ActiveCfg = Debug|Any CPU
		{DBAB7210-C570-461B-8AF1-95189A1B4716}.Debug|Any CPU.Build.0 = Debug|Any CPU
		{DBAB7210-C570-461B-8AF1-95189A1B4716}.Debug|x64.ActiveCfg = Debug|Any CPU
		{DBAB7210-C570-461B-8AF1-95189A1B4716}.Debug|x64.Build.0 = Debug|Any CPU
		{DBAB7210-C570-461B-8AF1-95189A1B4716}.Debug|x86.ActiveCfg = Debug|Any CPU
		{DBAB7210-C570-461B-8AF1-95189A1B4716}.Debug|x86.Build.0 = Debug|Any CPU
		{DBAB7210-C570-461B-8AF1-95189A1B4716}.Release|Any CPU.ActiveCfg = Release|Any CPU
		{DBAB7210-C570-461B-8AF1-95189A1B4716}.Release|Any CPU.Build.0 = Release|Any CPU
		{DBAB7210-C570-461B-8AF1-95189A1B4716}.Release|x64.ActiveCfg = Release|Any CPU
		{DBAB7210-C570-461B-8AF1-95189A1B4716}.Release|x64.Build.0 = Release|Any CPU
		{DBAB7210-C570-461B-8AF1-95189A1B4716}.Release|x86.ActiveCfg = Release|Any CPU
		{DBAB7210-C570-461B-8AF1-95189A1B4716}.Release|x86.Build.0 = Release|Any CPU
		{EA49DE46-B70E-4822-9E83-FD610FCA64E2}.Debug|Any CPU.ActiveCfg = Debug|Any CPU
		{EA49DE46-B70E-4822-9E83-FD610FCA64E2}.Debug|Any CPU.Build.0 = Debug|Any CPU
		{EA49DE46-B70E-4822-9E83-FD610FCA64E2}.Debug|x64.ActiveCfg = Debug|Any CPU
		{EA49DE46-B70E-4822-9E83-FD610FCA64E2}.Debug|x64.Build.0 = Debug|Any CPU
		{EA49DE46-B70E-4822-9E83-FD610FCA64E2}.Debug|x86.ActiveCfg = Debug|Any CPU
		{EA49DE46-B70E-4822-9E83-FD610FCA64E2}.Debug|x86.Build.0 = Debug|Any CPU
		{EA49DE46-B70E-4822-9E83-FD610FCA64E2}.Release|Any CPU.ActiveCfg = Release|Any CPU
		{EA49DE46-B70E-4822-9E83-FD610FCA64E2}.Release|Any CPU.Build.0 = Release|Any CPU
		{EA49DE46-B70E-4822-9E83-FD610FCA64E2}.Release|x64.ActiveCfg = Release|Any CPU
		{EA49DE46-B70E-4822-9E83-FD610FCA64E2}.Release|x64.Build.0 = Release|Any CPU
		{EA49DE46-B70E-4822-9E83-FD610FCA64E2}.Release|x86.ActiveCfg = Release|Any CPU
		{EA49DE46-B70E-4822-9E83-FD610FCA64E2}.Release|x86.Build.0 = Release|Any CPU
		{892EF7A7-A518-4B84-BB8A-B7D43CAFC3CF}.Debug|Any CPU.ActiveCfg = Debug|Any CPU
		{892EF7A7-A518-4B84-BB8A-B7D43CAFC3CF}.Debug|Any CPU.Build.0 = Debug|Any CPU
		{892EF7A7-A518-4B84-BB8A-B7D43CAFC3CF}.Debug|x64.ActiveCfg = Debug|Any CPU
		{892EF7A7-A518-4B84-BB8A-B7D43CAFC3CF}.Debug|x64.Build.0 = Debug|Any CPU
		{892EF7A7-A518-4B84-BB8A-B7D43CAFC3CF}.Debug|x86.ActiveCfg = Debug|Any CPU
		{892EF7A7-A518-4B84-BB8A-B7D43CAFC3CF}.Debug|x86.Build.0 = Debug|Any CPU
		{892EF7A7-A518-4B84-BB8A-B7D43CAFC3CF}.Release|Any CPU.ActiveCfg = Release|Any CPU
		{892EF7A7-A518-4B84-BB8A-B7D43CAFC3CF}.Release|Any CPU.Build.0 = Release|Any CPU
		{892EF7A7-A518-4B84-BB8A-B7D43CAFC3CF}.Release|x64.ActiveCfg = Release|Any CPU
		{892EF7A7-A518-4B84-BB8A-B7D43CAFC3CF}.Release|x64.Build.0 = Release|Any CPU
		{892EF7A7-A518-4B84-BB8A-B7D43CAFC3CF}.Release|x86.ActiveCfg = Release|Any CPU
		{892EF7A7-A518-4B84-BB8A-B7D43CAFC3CF}.Release|x86.Build.0 = Release|Any CPU
		{85E79539-27B6-45CE-A1F2-FEEA442A1411}.Debug|Any CPU.ActiveCfg = Debug|Any CPU
		{85E79539-27B6-45CE-A1F2-FEEA442A1411}.Debug|Any CPU.Build.0 = Debug|Any CPU
		{85E79539-27B6-45CE-A1F2-FEEA442A1411}.Debug|x64.ActiveCfg = Debug|Any CPU
		{85E79539-27B6-45CE-A1F2-FEEA442A1411}.Debug|x64.Build.0 = Debug|Any CPU
		{85E79539-27B6-45CE-A1F2-FEEA442A1411}.Debug|x86.ActiveCfg = Debug|Any CPU
		{85E79539-27B6-45CE-A1F2-FEEA442A1411}.Debug|x86.Build.0 = Debug|Any CPU
		{85E79539-27B6-45CE-A1F2-FEEA442A1411}.Release|Any CPU.ActiveCfg = Release|Any CPU
		{85E79539-27B6-45CE-A1F2-FEEA442A1411}.Release|Any CPU.Build.0 = Release|Any CPU
		{85E79539-27B6-45CE-A1F2-FEEA442A1411}.Release|x64.ActiveCfg = Release|Any CPU
		{85E79539-27B6-45CE-A1F2-FEEA442A1411}.Release|x64.Build.0 = Release|Any CPU
		{85E79539-27B6-45CE-A1F2-FEEA442A1411}.Release|x86.ActiveCfg = Release|Any CPU
		{85E79539-27B6-45CE-A1F2-FEEA442A1411}.Release|x86.Build.0 = Release|Any CPU
		{6F28109B-8816-41CD-9FF6-697ACF08CB64}.Debug|Any CPU.ActiveCfg = Debug|Any CPU
		{6F28109B-8816-41CD-9FF6-697ACF08CB64}.Debug|Any CPU.Build.0 = Debug|Any CPU
		{6F28109B-8816-41CD-9FF6-697ACF08CB64}.Debug|x64.ActiveCfg = Debug|Any CPU
		{6F28109B-8816-41CD-9FF6-697ACF08CB64}.Debug|x64.Build.0 = Debug|Any CPU
		{6F28109B-8816-41CD-9FF6-697ACF08CB64}.Debug|x86.ActiveCfg = Debug|Any CPU
		{6F28109B-8816-41CD-9FF6-697ACF08CB64}.Debug|x86.Build.0 = Debug|Any CPU
		{6F28109B-8816-41CD-9FF6-697ACF08CB64}.Release|Any CPU.ActiveCfg = Release|Any CPU
		{6F28109B-8816-41CD-9FF6-697ACF08CB64}.Release|Any CPU.Build.0 = Release|Any CPU
		{6F28109B-8816-41CD-9FF6-697ACF08CB64}.Release|x64.ActiveCfg = Release|Any CPU
		{6F28109B-8816-41CD-9FF6-697ACF08CB64}.Release|x64.Build.0 = Release|Any CPU
		{6F28109B-8816-41CD-9FF6-697ACF08CB64}.Release|x86.ActiveCfg = Release|Any CPU
		{6F28109B-8816-41CD-9FF6-697ACF08CB64}.Release|x86.Build.0 = Release|Any CPU
		{7E5A31C2-454E-47B6-957E-1FF551495779}.Debug|Any CPU.ActiveCfg = Debug|Any CPU
		{7E5A31C2-454E-47B6-957E-1FF551495779}.Debug|Any CPU.Build.0 = Debug|Any CPU
		{7E5A31C2-454E-47B6-957E-1FF551495779}.Debug|x64.ActiveCfg = Debug|Any CPU
		{7E5A31C2-454E-47B6-957E-1FF551495779}.Debug|x64.Build.0 = Debug|Any CPU
		{7E5A31C2-454E-47B6-957E-1FF551495779}.Debug|x86.ActiveCfg = Debug|Any CPU
		{7E5A31C2-454E-47B6-957E-1FF551495779}.Debug|x86.Build.0 = Debug|Any CPU
		{7E5A31C2-454E-47B6-957E-1FF551495779}.Release|Any CPU.ActiveCfg = Release|Any CPU
		{7E5A31C2-454E-47B6-957E-1FF551495779}.Release|Any CPU.Build.0 = Release|Any CPU
		{7E5A31C2-454E-47B6-957E-1FF551495779}.Release|x64.ActiveCfg = Release|Any CPU
		{7E5A31C2-454E-47B6-957E-1FF551495779}.Release|x64.Build.0 = Release|Any CPU
		{7E5A31C2-454E-47B6-957E-1FF551495779}.Release|x86.ActiveCfg = Release|Any CPU
		{7E5A31C2-454E-47B6-957E-1FF551495779}.Release|x86.Build.0 = Release|Any CPU
		{169F69BB-AE0E-48B4-A057-162C76DD07DE}.Debug|Any CPU.ActiveCfg = Debug|Any CPU
		{169F69BB-AE0E-48B4-A057-162C76DD07DE}.Debug|Any CPU.Build.0 = Debug|Any CPU
		{169F69BB-AE0E-48B4-A057-162C76DD07DE}.Debug|x64.ActiveCfg = Debug|Any CPU
		{169F69BB-AE0E-48B4-A057-162C76DD07DE}.Debug|x64.Build.0 = Debug|Any CPU
		{169F69BB-AE0E-48B4-A057-162C76DD07DE}.Debug|x86.ActiveCfg = Debug|Any CPU
		{169F69BB-AE0E-48B4-A057-162C76DD07DE}.Debug|x86.Build.0 = Debug|Any CPU
		{169F69BB-AE0E-48B4-A057-162C76DD07DE}.Release|Any CPU.ActiveCfg = Release|Any CPU
		{169F69BB-AE0E-48B4-A057-162C76DD07DE}.Release|Any CPU.Build.0 = Release|Any CPU
		{169F69BB-AE0E-48B4-A057-162C76DD07DE}.Release|x64.ActiveCfg = Release|Any CPU
		{169F69BB-AE0E-48B4-A057-162C76DD07DE}.Release|x64.Build.0 = Release|Any CPU
		{169F69BB-AE0E-48B4-A057-162C76DD07DE}.Release|x86.ActiveCfg = Release|Any CPU
		{169F69BB-AE0E-48B4-A057-162C76DD07DE}.Release|x86.Build.0 = Release|Any CPU
		{E38306D2-586A-4618-9D22-042C8652C104}.Debug|Any CPU.ActiveCfg = Debug|Any CPU
		{E38306D2-586A-4618-9D22-042C8652C104}.Debug|Any CPU.Build.0 = Debug|Any CPU
		{E38306D2-586A-4618-9D22-042C8652C104}.Debug|x64.ActiveCfg = Debug|Any CPU
		{E38306D2-586A-4618-9D22-042C8652C104}.Debug|x64.Build.0 = Debug|Any CPU
		{E38306D2-586A-4618-9D22-042C8652C104}.Debug|x86.ActiveCfg = Debug|Any CPU
		{E38306D2-586A-4618-9D22-042C8652C104}.Debug|x86.Build.0 = Debug|Any CPU
		{E38306D2-586A-4618-9D22-042C8652C104}.Release|Any CPU.ActiveCfg = Release|Any CPU
		{E38306D2-586A-4618-9D22-042C8652C104}.Release|Any CPU.Build.0 = Release|Any CPU
		{E38306D2-586A-4618-9D22-042C8652C104}.Release|x64.ActiveCfg = Release|Any CPU
		{E38306D2-586A-4618-9D22-042C8652C104}.Release|x64.Build.0 = Release|Any CPU
		{E38306D2-586A-4618-9D22-042C8652C104}.Release|x86.ActiveCfg = Release|Any CPU
		{E38306D2-586A-4618-9D22-042C8652C104}.Release|x86.Build.0 = Release|Any CPU
		{FA97A82F-E026-4276-83C0-CB53C3D7CA87}.Debug|Any CPU.ActiveCfg = Debug|Any CPU
		{FA97A82F-E026-4276-83C0-CB53C3D7CA87}.Debug|Any CPU.Build.0 = Debug|Any CPU
		{FA97A82F-E026-4276-83C0-CB53C3D7CA87}.Debug|x64.ActiveCfg = Debug|Any CPU
		{FA97A82F-E026-4276-83C0-CB53C3D7CA87}.Debug|x64.Build.0 = Debug|Any CPU
		{FA97A82F-E026-4276-83C0-CB53C3D7CA87}.Debug|x86.ActiveCfg = Debug|Any CPU
		{FA97A82F-E026-4276-83C0-CB53C3D7CA87}.Debug|x86.Build.0 = Debug|Any CPU
		{FA97A82F-E026-4276-83C0-CB53C3D7CA87}.Release|Any CPU.ActiveCfg = Release|Any CPU
		{FA97A82F-E026-4276-83C0-CB53C3D7CA87}.Release|Any CPU.Build.0 = Release|Any CPU
		{FA97A82F-E026-4276-83C0-CB53C3D7CA87}.Release|x64.ActiveCfg = Release|Any CPU
		{FA97A82F-E026-4276-83C0-CB53C3D7CA87}.Release|x64.Build.0 = Release|Any CPU
		{FA97A82F-E026-4276-83C0-CB53C3D7CA87}.Release|x86.ActiveCfg = Release|Any CPU
		{FA97A82F-E026-4276-83C0-CB53C3D7CA87}.Release|x86.Build.0 = Release|Any CPU
		{994348EB-89F8-436B-88EB-521D8983045B}.Debug|Any CPU.ActiveCfg = Debug|Any CPU
		{994348EB-89F8-436B-88EB-521D8983045B}.Debug|Any CPU.Build.0 = Debug|Any CPU
		{994348EB-89F8-436B-88EB-521D8983045B}.Debug|x64.ActiveCfg = Debug|Any CPU
		{994348EB-89F8-436B-88EB-521D8983045B}.Debug|x64.Build.0 = Debug|Any CPU
		{994348EB-89F8-436B-88EB-521D8983045B}.Debug|x86.ActiveCfg = Debug|Any CPU
		{994348EB-89F8-436B-88EB-521D8983045B}.Debug|x86.Build.0 = Debug|Any CPU
		{994348EB-89F8-436B-88EB-521D8983045B}.Release|Any CPU.ActiveCfg = Release|Any CPU
		{994348EB-89F8-436B-88EB-521D8983045B}.Release|Any CPU.Build.0 = Release|Any CPU
		{994348EB-89F8-436B-88EB-521D8983045B}.Release|x64.ActiveCfg = Release|Any CPU
		{994348EB-89F8-436B-88EB-521D8983045B}.Release|x64.Build.0 = Release|Any CPU
		{994348EB-89F8-436B-88EB-521D8983045B}.Release|x86.ActiveCfg = Release|Any CPU
		{994348EB-89F8-436B-88EB-521D8983045B}.Release|x86.Build.0 = Release|Any CPU
		{0E6C1700-B510-43A4-A4BE-C2C7F9C1E527}.Debug|Any CPU.ActiveCfg = Debug|Any CPU
		{0E6C1700-B510-43A4-A4BE-C2C7F9C1E527}.Debug|Any CPU.Build.0 = Debug|Any CPU
		{0E6C1700-B510-43A4-A4BE-C2C7F9C1E527}.Debug|x64.ActiveCfg = Debug|Any CPU
		{0E6C1700-B510-43A4-A4BE-C2C7F9C1E527}.Debug|x64.Build.0 = Debug|Any CPU
		{0E6C1700-B510-43A4-A4BE-C2C7F9C1E527}.Debug|x86.ActiveCfg = Debug|Any CPU
		{0E6C1700-B510-43A4-A4BE-C2C7F9C1E527}.Debug|x86.Build.0 = Debug|Any CPU
		{0E6C1700-B510-43A4-A4BE-C2C7F9C1E527}.Release|Any CPU.ActiveCfg = Release|Any CPU
		{0E6C1700-B510-43A4-A4BE-C2C7F9C1E527}.Release|Any CPU.Build.0 = Release|Any CPU
		{0E6C1700-B510-43A4-A4BE-C2C7F9C1E527}.Release|x64.ActiveCfg = Release|Any CPU
		{0E6C1700-B510-43A4-A4BE-C2C7F9C1E527}.Release|x64.Build.0 = Release|Any CPU
		{0E6C1700-B510-43A4-A4BE-C2C7F9C1E527}.Release|x86.ActiveCfg = Release|Any CPU
		{0E6C1700-B510-43A4-A4BE-C2C7F9C1E527}.Release|x86.Build.0 = Release|Any CPU
		{BA00DAE1-C3E6-48AA-8F1A-3A63DD777E54}.Debug|Any CPU.ActiveCfg = Debug|Any CPU
		{BA00DAE1-C3E6-48AA-8F1A-3A63DD777E54}.Debug|Any CPU.Build.0 = Debug|Any CPU
		{BA00DAE1-C3E6-48AA-8F1A-3A63DD777E54}.Debug|x64.ActiveCfg = Debug|Any CPU
		{BA00DAE1-C3E6-48AA-8F1A-3A63DD777E54}.Debug|x64.Build.0 = Debug|Any CPU
		{BA00DAE1-C3E6-48AA-8F1A-3A63DD777E54}.Debug|x86.ActiveCfg = Debug|Any CPU
		{BA00DAE1-C3E6-48AA-8F1A-3A63DD777E54}.Debug|x86.Build.0 = Debug|Any CPU
		{BA00DAE1-C3E6-48AA-8F1A-3A63DD777E54}.Release|Any CPU.ActiveCfg = Release|Any CPU
		{BA00DAE1-C3E6-48AA-8F1A-3A63DD777E54}.Release|Any CPU.Build.0 = Release|Any CPU
		{BA00DAE1-C3E6-48AA-8F1A-3A63DD777E54}.Release|x64.ActiveCfg = Release|Any CPU
		{BA00DAE1-C3E6-48AA-8F1A-3A63DD777E54}.Release|x64.Build.0 = Release|Any CPU
		{BA00DAE1-C3E6-48AA-8F1A-3A63DD777E54}.Release|x86.ActiveCfg = Release|Any CPU
		{BA00DAE1-C3E6-48AA-8F1A-3A63DD777E54}.Release|x86.Build.0 = Release|Any CPU
		{F43A7A3E-6DB4-47CC-B309-9100C02ECA04}.Debug|Any CPU.ActiveCfg = Debug|Any CPU
		{F43A7A3E-6DB4-47CC-B309-9100C02ECA04}.Debug|Any CPU.Build.0 = Debug|Any CPU
		{F43A7A3E-6DB4-47CC-B309-9100C02ECA04}.Debug|x64.ActiveCfg = Debug|Any CPU
		{F43A7A3E-6DB4-47CC-B309-9100C02ECA04}.Debug|x64.Build.0 = Debug|Any CPU
		{F43A7A3E-6DB4-47CC-B309-9100C02ECA04}.Debug|x86.ActiveCfg = Debug|Any CPU
		{F43A7A3E-6DB4-47CC-B309-9100C02ECA04}.Debug|x86.Build.0 = Debug|Any CPU
		{F43A7A3E-6DB4-47CC-B309-9100C02ECA04}.Release|Any CPU.ActiveCfg = Release|Any CPU
		{F43A7A3E-6DB4-47CC-B309-9100C02ECA04}.Release|Any CPU.Build.0 = Release|Any CPU
		{F43A7A3E-6DB4-47CC-B309-9100C02ECA04}.Release|x64.ActiveCfg = Release|Any CPU
		{F43A7A3E-6DB4-47CC-B309-9100C02ECA04}.Release|x64.Build.0 = Release|Any CPU
		{F43A7A3E-6DB4-47CC-B309-9100C02ECA04}.Release|x86.ActiveCfg = Release|Any CPU
		{F43A7A3E-6DB4-47CC-B309-9100C02ECA04}.Release|x86.Build.0 = Release|Any CPU
		{652E848F-053D-4BA8-AF48-9F117C08E3C0}.Debug|Any CPU.ActiveCfg = Debug|Any CPU
		{652E848F-053D-4BA8-AF48-9F117C08E3C0}.Debug|Any CPU.Build.0 = Debug|Any CPU
		{652E848F-053D-4BA8-AF48-9F117C08E3C0}.Debug|x64.ActiveCfg = Debug|Any CPU
		{652E848F-053D-4BA8-AF48-9F117C08E3C0}.Debug|x64.Build.0 = Debug|Any CPU
		{652E848F-053D-4BA8-AF48-9F117C08E3C0}.Debug|x86.ActiveCfg = Debug|Any CPU
		{652E848F-053D-4BA8-AF48-9F117C08E3C0}.Debug|x86.Build.0 = Debug|Any CPU
		{652E848F-053D-4BA8-AF48-9F117C08E3C0}.Release|Any CPU.ActiveCfg = Release|Any CPU
		{652E848F-053D-4BA8-AF48-9F117C08E3C0}.Release|Any CPU.Build.0 = Release|Any CPU
		{652E848F-053D-4BA8-AF48-9F117C08E3C0}.Release|x64.ActiveCfg = Release|Any CPU
		{652E848F-053D-4BA8-AF48-9F117C08E3C0}.Release|x64.Build.0 = Release|Any CPU
		{652E848F-053D-4BA8-AF48-9F117C08E3C0}.Release|x86.ActiveCfg = Release|Any CPU
		{652E848F-053D-4BA8-AF48-9F117C08E3C0}.Release|x86.Build.0 = Release|Any CPU
		{4420E63F-BF56-4E48-A522-199CB5F174F4}.Debug|Any CPU.ActiveCfg = Debug|Any CPU
		{4420E63F-BF56-4E48-A522-199CB5F174F4}.Debug|Any CPU.Build.0 = Debug|Any CPU
		{4420E63F-BF56-4E48-A522-199CB5F174F4}.Debug|x64.ActiveCfg = Debug|Any CPU
		{4420E63F-BF56-4E48-A522-199CB5F174F4}.Debug|x64.Build.0 = Debug|Any CPU
		{4420E63F-BF56-4E48-A522-199CB5F174F4}.Debug|x86.ActiveCfg = Debug|Any CPU
		{4420E63F-BF56-4E48-A522-199CB5F174F4}.Debug|x86.Build.0 = Debug|Any CPU
		{4420E63F-BF56-4E48-A522-199CB5F174F4}.Release|Any CPU.ActiveCfg = Release|Any CPU
		{4420E63F-BF56-4E48-A522-199CB5F174F4}.Release|Any CPU.Build.0 = Release|Any CPU
		{4420E63F-BF56-4E48-A522-199CB5F174F4}.Release|x64.ActiveCfg = Release|Any CPU
		{4420E63F-BF56-4E48-A522-199CB5F174F4}.Release|x64.Build.0 = Release|Any CPU
		{4420E63F-BF56-4E48-A522-199CB5F174F4}.Release|x86.ActiveCfg = Release|Any CPU
		{4420E63F-BF56-4E48-A522-199CB5F174F4}.Release|x86.Build.0 = Release|Any CPU
		{4C04AEA9-EF62-4951-A94C-E0F11741C34D}.Debug|Any CPU.ActiveCfg = Debug|Any CPU
		{4C04AEA9-EF62-4951-A94C-E0F11741C34D}.Debug|Any CPU.Build.0 = Debug|Any CPU
		{4C04AEA9-EF62-4951-A94C-E0F11741C34D}.Debug|x64.ActiveCfg = Debug|Any CPU
		{4C04AEA9-EF62-4951-A94C-E0F11741C34D}.Debug|x64.Build.0 = Debug|Any CPU
		{4C04AEA9-EF62-4951-A94C-E0F11741C34D}.Debug|x86.ActiveCfg = Debug|Any CPU
		{4C04AEA9-EF62-4951-A94C-E0F11741C34D}.Debug|x86.Build.0 = Debug|Any CPU
		{4C04AEA9-EF62-4951-A94C-E0F11741C34D}.Release|Any CPU.ActiveCfg = Release|Any CPU
		{4C04AEA9-EF62-4951-A94C-E0F11741C34D}.Release|Any CPU.Build.0 = Release|Any CPU
		{4C04AEA9-EF62-4951-A94C-E0F11741C34D}.Release|x64.ActiveCfg = Release|Any CPU
		{4C04AEA9-EF62-4951-A94C-E0F11741C34D}.Release|x64.Build.0 = Release|Any CPU
		{4C04AEA9-EF62-4951-A94C-E0F11741C34D}.Release|x86.ActiveCfg = Release|Any CPU
		{4C04AEA9-EF62-4951-A94C-E0F11741C34D}.Release|x86.Build.0 = Release|Any CPU
		{18848B92-5329-4AB5-A29A-6635517B7FB3}.Debug|Any CPU.ActiveCfg = Debug|Any CPU
		{18848B92-5329-4AB5-A29A-6635517B7FB3}.Debug|Any CPU.Build.0 = Debug|Any CPU
		{18848B92-5329-4AB5-A29A-6635517B7FB3}.Debug|x64.ActiveCfg = Debug|Any CPU
		{18848B92-5329-4AB5-A29A-6635517B7FB3}.Debug|x64.Build.0 = Debug|Any CPU
		{18848B92-5329-4AB5-A29A-6635517B7FB3}.Debug|x86.ActiveCfg = Debug|Any CPU
		{18848B92-5329-4AB5-A29A-6635517B7FB3}.Debug|x86.Build.0 = Debug|Any CPU
		{18848B92-5329-4AB5-A29A-6635517B7FB3}.Release|Any CPU.ActiveCfg = Release|Any CPU
		{18848B92-5329-4AB5-A29A-6635517B7FB3}.Release|Any CPU.Build.0 = Release|Any CPU
		{18848B92-5329-4AB5-A29A-6635517B7FB3}.Release|x64.ActiveCfg = Release|Any CPU
		{18848B92-5329-4AB5-A29A-6635517B7FB3}.Release|x64.Build.0 = Release|Any CPU
		{18848B92-5329-4AB5-A29A-6635517B7FB3}.Release|x86.ActiveCfg = Release|Any CPU
		{18848B92-5329-4AB5-A29A-6635517B7FB3}.Release|x86.Build.0 = Release|Any CPU
		{6105BFB4-2945-43DD-BA5F-1854CD9A9CD4}.Debug|Any CPU.ActiveCfg = Debug|Any CPU
		{6105BFB4-2945-43DD-BA5F-1854CD9A9CD4}.Debug|Any CPU.Build.0 = Debug|Any CPU
		{6105BFB4-2945-43DD-BA5F-1854CD9A9CD4}.Debug|x64.ActiveCfg = Debug|Any CPU
		{6105BFB4-2945-43DD-BA5F-1854CD9A9CD4}.Debug|x64.Build.0 = Debug|Any CPU
		{6105BFB4-2945-43DD-BA5F-1854CD9A9CD4}.Debug|x86.ActiveCfg = Debug|Any CPU
		{6105BFB4-2945-43DD-BA5F-1854CD9A9CD4}.Debug|x86.Build.0 = Debug|Any CPU
		{6105BFB4-2945-43DD-BA5F-1854CD9A9CD4}.Release|Any CPU.ActiveCfg = Release|Any CPU
		{6105BFB4-2945-43DD-BA5F-1854CD9A9CD4}.Release|Any CPU.Build.0 = Release|Any CPU
		{6105BFB4-2945-43DD-BA5F-1854CD9A9CD4}.Release|x64.ActiveCfg = Release|Any CPU
		{6105BFB4-2945-43DD-BA5F-1854CD9A9CD4}.Release|x64.Build.0 = Release|Any CPU
		{6105BFB4-2945-43DD-BA5F-1854CD9A9CD4}.Release|x86.ActiveCfg = Release|Any CPU
		{6105BFB4-2945-43DD-BA5F-1854CD9A9CD4}.Release|x86.Build.0 = Release|Any CPU
		{D8AD6E99-05C7-45F4-871B-1BA1627C341B}.Debug|Any CPU.ActiveCfg = Debug|Any CPU
		{D8AD6E99-05C7-45F4-871B-1BA1627C341B}.Debug|Any CPU.Build.0 = Debug|Any CPU
		{D8AD6E99-05C7-45F4-871B-1BA1627C341B}.Debug|x64.ActiveCfg = Debug|Any CPU
		{D8AD6E99-05C7-45F4-871B-1BA1627C341B}.Debug|x64.Build.0 = Debug|Any CPU
		{D8AD6E99-05C7-45F4-871B-1BA1627C341B}.Debug|x86.ActiveCfg = Debug|Any CPU
		{D8AD6E99-05C7-45F4-871B-1BA1627C341B}.Debug|x86.Build.0 = Debug|Any CPU
		{D8AD6E99-05C7-45F4-871B-1BA1627C341B}.Release|Any CPU.ActiveCfg = Release|Any CPU
		{D8AD6E99-05C7-45F4-871B-1BA1627C341B}.Release|Any CPU.Build.0 = Release|Any CPU
		{D8AD6E99-05C7-45F4-871B-1BA1627C341B}.Release|x64.ActiveCfg = Release|Any CPU
		{D8AD6E99-05C7-45F4-871B-1BA1627C341B}.Release|x64.Build.0 = Release|Any CPU
		{D8AD6E99-05C7-45F4-871B-1BA1627C341B}.Release|x86.ActiveCfg = Release|Any CPU
		{D8AD6E99-05C7-45F4-871B-1BA1627C341B}.Release|x86.Build.0 = Release|Any CPU
		{FA6FFBAF-F4AA-4320-8C9D-5FB395AB6179}.Debug|Any CPU.ActiveCfg = Debug|Any CPU
		{FA6FFBAF-F4AA-4320-8C9D-5FB395AB6179}.Debug|Any CPU.Build.0 = Debug|Any CPU
		{FA6FFBAF-F4AA-4320-8C9D-5FB395AB6179}.Debug|x64.ActiveCfg = Debug|Any CPU
		{FA6FFBAF-F4AA-4320-8C9D-5FB395AB6179}.Debug|x64.Build.0 = Debug|Any CPU
		{FA6FFBAF-F4AA-4320-8C9D-5FB395AB6179}.Debug|x86.ActiveCfg = Debug|Any CPU
		{FA6FFBAF-F4AA-4320-8C9D-5FB395AB6179}.Debug|x86.Build.0 = Debug|Any CPU
		{FA6FFBAF-F4AA-4320-8C9D-5FB395AB6179}.Release|Any CPU.ActiveCfg = Release|Any CPU
		{FA6FFBAF-F4AA-4320-8C9D-5FB395AB6179}.Release|Any CPU.Build.0 = Release|Any CPU
		{FA6FFBAF-F4AA-4320-8C9D-5FB395AB6179}.Release|x64.ActiveCfg = Release|Any CPU
		{FA6FFBAF-F4AA-4320-8C9D-5FB395AB6179}.Release|x64.Build.0 = Release|Any CPU
		{FA6FFBAF-F4AA-4320-8C9D-5FB395AB6179}.Release|x86.ActiveCfg = Release|Any CPU
		{FA6FFBAF-F4AA-4320-8C9D-5FB395AB6179}.Release|x86.Build.0 = Release|Any CPU
		{DAFE7EB3-76D7-4F92-BE5D-DDD77AB82FC4}.Debug|Any CPU.ActiveCfg = Debug|Any CPU
		{DAFE7EB3-76D7-4F92-BE5D-DDD77AB82FC4}.Debug|Any CPU.Build.0 = Debug|Any CPU
		{DAFE7EB3-76D7-4F92-BE5D-DDD77AB82FC4}.Debug|x64.ActiveCfg = Debug|Any CPU
		{DAFE7EB3-76D7-4F92-BE5D-DDD77AB82FC4}.Debug|x64.Build.0 = Debug|Any CPU
		{DAFE7EB3-76D7-4F92-BE5D-DDD77AB82FC4}.Debug|x86.ActiveCfg = Debug|Any CPU
		{DAFE7EB3-76D7-4F92-BE5D-DDD77AB82FC4}.Debug|x86.Build.0 = Debug|Any CPU
		{DAFE7EB3-76D7-4F92-BE5D-DDD77AB82FC4}.Release|Any CPU.ActiveCfg = Release|Any CPU
		{DAFE7EB3-76D7-4F92-BE5D-DDD77AB82FC4}.Release|Any CPU.Build.0 = Release|Any CPU
		{DAFE7EB3-76D7-4F92-BE5D-DDD77AB82FC4}.Release|x64.ActiveCfg = Release|Any CPU
		{DAFE7EB3-76D7-4F92-BE5D-DDD77AB82FC4}.Release|x64.Build.0 = Release|Any CPU
		{DAFE7EB3-76D7-4F92-BE5D-DDD77AB82FC4}.Release|x86.ActiveCfg = Release|Any CPU
		{DAFE7EB3-76D7-4F92-BE5D-DDD77AB82FC4}.Release|x86.Build.0 = Release|Any CPU
		{146F9847-9381-425A-AE60-FEB15B401E83}.Debug|Any CPU.ActiveCfg = Debug|Any CPU
		{146F9847-9381-425A-AE60-FEB15B401E83}.Debug|Any CPU.Build.0 = Debug|Any CPU
		{146F9847-9381-425A-AE60-FEB15B401E83}.Debug|x64.ActiveCfg = Debug|Any CPU
		{146F9847-9381-425A-AE60-FEB15B401E83}.Debug|x64.Build.0 = Debug|Any CPU
		{146F9847-9381-425A-AE60-FEB15B401E83}.Debug|x86.ActiveCfg = Debug|Any CPU
		{146F9847-9381-425A-AE60-FEB15B401E83}.Debug|x86.Build.0 = Debug|Any CPU
		{146F9847-9381-425A-AE60-FEB15B401E83}.Release|Any CPU.ActiveCfg = Release|Any CPU
		{146F9847-9381-425A-AE60-FEB15B401E83}.Release|Any CPU.Build.0 = Release|Any CPU
		{146F9847-9381-425A-AE60-FEB15B401E83}.Release|x64.ActiveCfg = Release|Any CPU
		{146F9847-9381-425A-AE60-FEB15B401E83}.Release|x64.Build.0 = Release|Any CPU
		{146F9847-9381-425A-AE60-FEB15B401E83}.Release|x86.ActiveCfg = Release|Any CPU
		{146F9847-9381-425A-AE60-FEB15B401E83}.Release|x86.Build.0 = Release|Any CPU
		{D4AF1391-48B8-484F-820F-5C5851539E07}.Debug|Any CPU.ActiveCfg = Debug|Any CPU
		{D4AF1391-48B8-484F-820F-5C5851539E07}.Debug|Any CPU.Build.0 = Debug|Any CPU
		{D4AF1391-48B8-484F-820F-5C5851539E07}.Debug|x64.ActiveCfg = Debug|Any CPU
		{D4AF1391-48B8-484F-820F-5C5851539E07}.Debug|x64.Build.0 = Debug|Any CPU
		{D4AF1391-48B8-484F-820F-5C5851539E07}.Debug|x86.ActiveCfg = Debug|Any CPU
		{D4AF1391-48B8-484F-820F-5C5851539E07}.Debug|x86.Build.0 = Debug|Any CPU
		{D4AF1391-48B8-484F-820F-5C5851539E07}.Release|Any CPU.ActiveCfg = Release|Any CPU
		{D4AF1391-48B8-484F-820F-5C5851539E07}.Release|Any CPU.Build.0 = Release|Any CPU
		{D4AF1391-48B8-484F-820F-5C5851539E07}.Release|x64.ActiveCfg = Release|Any CPU
		{D4AF1391-48B8-484F-820F-5C5851539E07}.Release|x64.Build.0 = Release|Any CPU
		{D4AF1391-48B8-484F-820F-5C5851539E07}.Release|x86.ActiveCfg = Release|Any CPU
		{D4AF1391-48B8-484F-820F-5C5851539E07}.Release|x86.Build.0 = Release|Any CPU
		{43A5330E-650B-408A-BCA9-0F6B54E7C1FD}.Debug|Any CPU.ActiveCfg = Debug|Any CPU
		{43A5330E-650B-408A-BCA9-0F6B54E7C1FD}.Debug|Any CPU.Build.0 = Debug|Any CPU
		{43A5330E-650B-408A-BCA9-0F6B54E7C1FD}.Debug|x64.ActiveCfg = Debug|Any CPU
		{43A5330E-650B-408A-BCA9-0F6B54E7C1FD}.Debug|x64.Build.0 = Debug|Any CPU
		{43A5330E-650B-408A-BCA9-0F6B54E7C1FD}.Debug|x86.ActiveCfg = Debug|Any CPU
		{43A5330E-650B-408A-BCA9-0F6B54E7C1FD}.Debug|x86.Build.0 = Debug|Any CPU
		{43A5330E-650B-408A-BCA9-0F6B54E7C1FD}.Release|Any CPU.ActiveCfg = Release|Any CPU
		{43A5330E-650B-408A-BCA9-0F6B54E7C1FD}.Release|Any CPU.Build.0 = Release|Any CPU
		{43A5330E-650B-408A-BCA9-0F6B54E7C1FD}.Release|x64.ActiveCfg = Release|Any CPU
		{43A5330E-650B-408A-BCA9-0F6B54E7C1FD}.Release|x64.Build.0 = Release|Any CPU
		{43A5330E-650B-408A-BCA9-0F6B54E7C1FD}.Release|x86.ActiveCfg = Release|Any CPU
		{43A5330E-650B-408A-BCA9-0F6B54E7C1FD}.Release|x86.Build.0 = Release|Any CPU
		{446055BD-F1DF-4BBA-8B70-0B51111BD83B}.Debug|Any CPU.ActiveCfg = Debug|Any CPU
		{446055BD-F1DF-4BBA-8B70-0B51111BD83B}.Debug|Any CPU.Build.0 = Debug|Any CPU
		{446055BD-F1DF-4BBA-8B70-0B51111BD83B}.Debug|x64.ActiveCfg = Debug|Any CPU
		{446055BD-F1DF-4BBA-8B70-0B51111BD83B}.Debug|x64.Build.0 = Debug|Any CPU
		{446055BD-F1DF-4BBA-8B70-0B51111BD83B}.Debug|x86.ActiveCfg = Debug|Any CPU
		{446055BD-F1DF-4BBA-8B70-0B51111BD83B}.Debug|x86.Build.0 = Debug|Any CPU
		{446055BD-F1DF-4BBA-8B70-0B51111BD83B}.Release|Any CPU.ActiveCfg = Release|Any CPU
		{446055BD-F1DF-4BBA-8B70-0B51111BD83B}.Release|Any CPU.Build.0 = Release|Any CPU
		{446055BD-F1DF-4BBA-8B70-0B51111BD83B}.Release|x64.ActiveCfg = Release|Any CPU
		{446055BD-F1DF-4BBA-8B70-0B51111BD83B}.Release|x64.Build.0 = Release|Any CPU
		{446055BD-F1DF-4BBA-8B70-0B51111BD83B}.Release|x86.ActiveCfg = Release|Any CPU
		{446055BD-F1DF-4BBA-8B70-0B51111BD83B}.Release|x86.Build.0 = Release|Any CPU
		{9A15779A-512B-4CFA-A42B-580B7F8702C9}.Debug|Any CPU.ActiveCfg = Debug|Any CPU
		{9A15779A-512B-4CFA-A42B-580B7F8702C9}.Debug|Any CPU.Build.0 = Debug|Any CPU
		{9A15779A-512B-4CFA-A42B-580B7F8702C9}.Debug|x64.ActiveCfg = Debug|Any CPU
		{9A15779A-512B-4CFA-A42B-580B7F8702C9}.Debug|x64.Build.0 = Debug|Any CPU
		{9A15779A-512B-4CFA-A42B-580B7F8702C9}.Debug|x86.ActiveCfg = Debug|Any CPU
		{9A15779A-512B-4CFA-A42B-580B7F8702C9}.Debug|x86.Build.0 = Debug|Any CPU
		{9A15779A-512B-4CFA-A42B-580B7F8702C9}.Release|Any CPU.ActiveCfg = Release|Any CPU
		{9A15779A-512B-4CFA-A42B-580B7F8702C9}.Release|Any CPU.Build.0 = Release|Any CPU
		{9A15779A-512B-4CFA-A42B-580B7F8702C9}.Release|x64.ActiveCfg = Release|Any CPU
		{9A15779A-512B-4CFA-A42B-580B7F8702C9}.Release|x64.Build.0 = Release|Any CPU
		{9A15779A-512B-4CFA-A42B-580B7F8702C9}.Release|x86.ActiveCfg = Release|Any CPU
		{9A15779A-512B-4CFA-A42B-580B7F8702C9}.Release|x86.Build.0 = Release|Any CPU
		{3354FC84-468A-42D7-B78A-C7BE50B0AEEF}.Debug|Any CPU.ActiveCfg = Debug|Any CPU
		{3354FC84-468A-42D7-B78A-C7BE50B0AEEF}.Debug|Any CPU.Build.0 = Debug|Any CPU
		{3354FC84-468A-42D7-B78A-C7BE50B0AEEF}.Debug|x64.ActiveCfg = Debug|Any CPU
		{3354FC84-468A-42D7-B78A-C7BE50B0AEEF}.Debug|x64.Build.0 = Debug|Any CPU
		{3354FC84-468A-42D7-B78A-C7BE50B0AEEF}.Debug|x86.ActiveCfg = Debug|Any CPU
		{3354FC84-468A-42D7-B78A-C7BE50B0AEEF}.Debug|x86.Build.0 = Debug|Any CPU
		{3354FC84-468A-42D7-B78A-C7BE50B0AEEF}.Release|Any CPU.ActiveCfg = Release|Any CPU
		{3354FC84-468A-42D7-B78A-C7BE50B0AEEF}.Release|Any CPU.Build.0 = Release|Any CPU
		{3354FC84-468A-42D7-B78A-C7BE50B0AEEF}.Release|x64.ActiveCfg = Release|Any CPU
		{3354FC84-468A-42D7-B78A-C7BE50B0AEEF}.Release|x64.Build.0 = Release|Any CPU
		{3354FC84-468A-42D7-B78A-C7BE50B0AEEF}.Release|x86.ActiveCfg = Release|Any CPU
		{3354FC84-468A-42D7-B78A-C7BE50B0AEEF}.Release|x86.Build.0 = Release|Any CPU
		{457125D8-C0D1-4A6D-8649-40D7A81E4802}.Debug|Any CPU.ActiveCfg = Debug|Any CPU
		{457125D8-C0D1-4A6D-8649-40D7A81E4802}.Debug|Any CPU.Build.0 = Debug|Any CPU
		{457125D8-C0D1-4A6D-8649-40D7A81E4802}.Debug|x64.ActiveCfg = Debug|Any CPU
		{457125D8-C0D1-4A6D-8649-40D7A81E4802}.Debug|x64.Build.0 = Debug|Any CPU
		{457125D8-C0D1-4A6D-8649-40D7A81E4802}.Debug|x86.ActiveCfg = Debug|Any CPU
		{457125D8-C0D1-4A6D-8649-40D7A81E4802}.Debug|x86.Build.0 = Debug|Any CPU
		{457125D8-C0D1-4A6D-8649-40D7A81E4802}.Release|Any CPU.ActiveCfg = Release|Any CPU
		{457125D8-C0D1-4A6D-8649-40D7A81E4802}.Release|Any CPU.Build.0 = Release|Any CPU
		{457125D8-C0D1-4A6D-8649-40D7A81E4802}.Release|x64.ActiveCfg = Release|Any CPU
		{457125D8-C0D1-4A6D-8649-40D7A81E4802}.Release|x64.Build.0 = Release|Any CPU
		{457125D8-C0D1-4A6D-8649-40D7A81E4802}.Release|x86.ActiveCfg = Release|Any CPU
		{457125D8-C0D1-4A6D-8649-40D7A81E4802}.Release|x86.Build.0 = Release|Any CPU
		{CA585A5D-3FBB-46B1-9B5C-3ECECDE58894}.Debug|Any CPU.ActiveCfg = Debug|Any CPU
		{CA585A5D-3FBB-46B1-9B5C-3ECECDE58894}.Debug|Any CPU.Build.0 = Debug|Any CPU
		{CA585A5D-3FBB-46B1-9B5C-3ECECDE58894}.Debug|x64.ActiveCfg = Debug|Any CPU
		{CA585A5D-3FBB-46B1-9B5C-3ECECDE58894}.Debug|x64.Build.0 = Debug|Any CPU
		{CA585A5D-3FBB-46B1-9B5C-3ECECDE58894}.Debug|x86.ActiveCfg = Debug|Any CPU
		{CA585A5D-3FBB-46B1-9B5C-3ECECDE58894}.Debug|x86.Build.0 = Debug|Any CPU
		{CA585A5D-3FBB-46B1-9B5C-3ECECDE58894}.Release|Any CPU.ActiveCfg = Release|Any CPU
		{CA585A5D-3FBB-46B1-9B5C-3ECECDE58894}.Release|Any CPU.Build.0 = Release|Any CPU
		{CA585A5D-3FBB-46B1-9B5C-3ECECDE58894}.Release|x64.ActiveCfg = Release|Any CPU
		{CA585A5D-3FBB-46B1-9B5C-3ECECDE58894}.Release|x64.Build.0 = Release|Any CPU
		{CA585A5D-3FBB-46B1-9B5C-3ECECDE58894}.Release|x86.ActiveCfg = Release|Any CPU
		{CA585A5D-3FBB-46B1-9B5C-3ECECDE58894}.Release|x86.Build.0 = Release|Any CPU
		{597275CF-F053-4543-AA7B-96CBB4CD2367}.Debug|Any CPU.ActiveCfg = Debug|Any CPU
		{597275CF-F053-4543-AA7B-96CBB4CD2367}.Debug|Any CPU.Build.0 = Debug|Any CPU
		{597275CF-F053-4543-AA7B-96CBB4CD2367}.Debug|x64.ActiveCfg = Debug|Any CPU
		{597275CF-F053-4543-AA7B-96CBB4CD2367}.Debug|x64.Build.0 = Debug|Any CPU
		{597275CF-F053-4543-AA7B-96CBB4CD2367}.Debug|x86.ActiveCfg = Debug|Any CPU
		{597275CF-F053-4543-AA7B-96CBB4CD2367}.Debug|x86.Build.0 = Debug|Any CPU
		{597275CF-F053-4543-AA7B-96CBB4CD2367}.Release|Any CPU.ActiveCfg = Release|Any CPU
		{597275CF-F053-4543-AA7B-96CBB4CD2367}.Release|Any CPU.Build.0 = Release|Any CPU
		{597275CF-F053-4543-AA7B-96CBB4CD2367}.Release|x64.ActiveCfg = Release|Any CPU
		{597275CF-F053-4543-AA7B-96CBB4CD2367}.Release|x64.Build.0 = Release|Any CPU
		{597275CF-F053-4543-AA7B-96CBB4CD2367}.Release|x86.ActiveCfg = Release|Any CPU
		{597275CF-F053-4543-AA7B-96CBB4CD2367}.Release|x86.Build.0 = Release|Any CPU
		{EEDE6C79-9A96-42B2-93C2-A3C0D15BBA00}.Debug|Any CPU.ActiveCfg = Debug|Any CPU
		{EEDE6C79-9A96-42B2-93C2-A3C0D15BBA00}.Debug|Any CPU.Build.0 = Debug|Any CPU
		{EEDE6C79-9A96-42B2-93C2-A3C0D15BBA00}.Debug|x64.ActiveCfg = Debug|Any CPU
		{EEDE6C79-9A96-42B2-93C2-A3C0D15BBA00}.Debug|x64.Build.0 = Debug|Any CPU
		{EEDE6C79-9A96-42B2-93C2-A3C0D15BBA00}.Debug|x86.ActiveCfg = Debug|Any CPU
		{EEDE6C79-9A96-42B2-93C2-A3C0D15BBA00}.Debug|x86.Build.0 = Debug|Any CPU
		{EEDE6C79-9A96-42B2-93C2-A3C0D15BBA00}.Release|Any CPU.ActiveCfg = Release|Any CPU
		{EEDE6C79-9A96-42B2-93C2-A3C0D15BBA00}.Release|Any CPU.Build.0 = Release|Any CPU
		{EEDE6C79-9A96-42B2-93C2-A3C0D15BBA00}.Release|x64.ActiveCfg = Release|Any CPU
		{EEDE6C79-9A96-42B2-93C2-A3C0D15BBA00}.Release|x64.Build.0 = Release|Any CPU
		{EEDE6C79-9A96-42B2-93C2-A3C0D15BBA00}.Release|x86.ActiveCfg = Release|Any CPU
		{EEDE6C79-9A96-42B2-93C2-A3C0D15BBA00}.Release|x86.Build.0 = Release|Any CPU
		{5EA5407B-620E-4416-ADD1-6E17262FF9B5}.Debug|Any CPU.ActiveCfg = Debug|Any CPU
		{5EA5407B-620E-4416-ADD1-6E17262FF9B5}.Debug|Any CPU.Build.0 = Debug|Any CPU
		{5EA5407B-620E-4416-ADD1-6E17262FF9B5}.Debug|x64.ActiveCfg = Debug|Any CPU
		{5EA5407B-620E-4416-ADD1-6E17262FF9B5}.Debug|x64.Build.0 = Debug|Any CPU
		{5EA5407B-620E-4416-ADD1-6E17262FF9B5}.Debug|x86.ActiveCfg = Debug|Any CPU
		{5EA5407B-620E-4416-ADD1-6E17262FF9B5}.Debug|x86.Build.0 = Debug|Any CPU
		{5EA5407B-620E-4416-ADD1-6E17262FF9B5}.Release|Any CPU.ActiveCfg = Release|Any CPU
		{5EA5407B-620E-4416-ADD1-6E17262FF9B5}.Release|Any CPU.Build.0 = Release|Any CPU
		{5EA5407B-620E-4416-ADD1-6E17262FF9B5}.Release|x64.ActiveCfg = Release|Any CPU
		{5EA5407B-620E-4416-ADD1-6E17262FF9B5}.Release|x64.Build.0 = Release|Any CPU
		{5EA5407B-620E-4416-ADD1-6E17262FF9B5}.Release|x86.ActiveCfg = Release|Any CPU
		{5EA5407B-620E-4416-ADD1-6E17262FF9B5}.Release|x86.Build.0 = Release|Any CPU
		{0A0262F7-9D09-4D9E-80D1-B25F8597E21E}.Debug|Any CPU.ActiveCfg = Debug|Any CPU
		{0A0262F7-9D09-4D9E-80D1-B25F8597E21E}.Debug|Any CPU.Build.0 = Debug|Any CPU
		{0A0262F7-9D09-4D9E-80D1-B25F8597E21E}.Debug|x64.ActiveCfg = Debug|Any CPU
		{0A0262F7-9D09-4D9E-80D1-B25F8597E21E}.Debug|x64.Build.0 = Debug|Any CPU
		{0A0262F7-9D09-4D9E-80D1-B25F8597E21E}.Debug|x86.ActiveCfg = Debug|Any CPU
		{0A0262F7-9D09-4D9E-80D1-B25F8597E21E}.Debug|x86.Build.0 = Debug|Any CPU
		{0A0262F7-9D09-4D9E-80D1-B25F8597E21E}.Release|Any CPU.ActiveCfg = Release|Any CPU
		{0A0262F7-9D09-4D9E-80D1-B25F8597E21E}.Release|Any CPU.Build.0 = Release|Any CPU
		{0A0262F7-9D09-4D9E-80D1-B25F8597E21E}.Release|x64.ActiveCfg = Release|Any CPU
		{0A0262F7-9D09-4D9E-80D1-B25F8597E21E}.Release|x64.Build.0 = Release|Any CPU
		{0A0262F7-9D09-4D9E-80D1-B25F8597E21E}.Release|x86.ActiveCfg = Release|Any CPU
		{0A0262F7-9D09-4D9E-80D1-B25F8597E21E}.Release|x86.Build.0 = Release|Any CPU
		{20963E0D-3B6D-497A-B289-AA0856F4FC23}.Debug|Any CPU.ActiveCfg = Debug|Any CPU
		{20963E0D-3B6D-497A-B289-AA0856F4FC23}.Debug|Any CPU.Build.0 = Debug|Any CPU
		{20963E0D-3B6D-497A-B289-AA0856F4FC23}.Debug|x64.ActiveCfg = Debug|Any CPU
		{20963E0D-3B6D-497A-B289-AA0856F4FC23}.Debug|x64.Build.0 = Debug|Any CPU
		{20963E0D-3B6D-497A-B289-AA0856F4FC23}.Debug|x86.ActiveCfg = Debug|Any CPU
		{20963E0D-3B6D-497A-B289-AA0856F4FC23}.Debug|x86.Build.0 = Debug|Any CPU
		{20963E0D-3B6D-497A-B289-AA0856F4FC23}.Release|Any CPU.ActiveCfg = Release|Any CPU
		{20963E0D-3B6D-497A-B289-AA0856F4FC23}.Release|Any CPU.Build.0 = Release|Any CPU
		{20963E0D-3B6D-497A-B289-AA0856F4FC23}.Release|x64.ActiveCfg = Release|Any CPU
		{20963E0D-3B6D-497A-B289-AA0856F4FC23}.Release|x64.Build.0 = Release|Any CPU
		{20963E0D-3B6D-497A-B289-AA0856F4FC23}.Release|x86.ActiveCfg = Release|Any CPU
		{20963E0D-3B6D-497A-B289-AA0856F4FC23}.Release|x86.Build.0 = Release|Any CPU
		{A182AE0E-79AF-4546-9AAB-77C3569E7CE2}.Debug|Any CPU.ActiveCfg = Debug|Any CPU
		{A182AE0E-79AF-4546-9AAB-77C3569E7CE2}.Debug|Any CPU.Build.0 = Debug|Any CPU
		{A182AE0E-79AF-4546-9AAB-77C3569E7CE2}.Debug|x64.ActiveCfg = Debug|Any CPU
		{A182AE0E-79AF-4546-9AAB-77C3569E7CE2}.Debug|x64.Build.0 = Debug|Any CPU
		{A182AE0E-79AF-4546-9AAB-77C3569E7CE2}.Debug|x86.ActiveCfg = Debug|Any CPU
		{A182AE0E-79AF-4546-9AAB-77C3569E7CE2}.Debug|x86.Build.0 = Debug|Any CPU
		{A182AE0E-79AF-4546-9AAB-77C3569E7CE2}.Release|Any CPU.ActiveCfg = Release|Any CPU
		{A182AE0E-79AF-4546-9AAB-77C3569E7CE2}.Release|Any CPU.Build.0 = Release|Any CPU
		{A182AE0E-79AF-4546-9AAB-77C3569E7CE2}.Release|x64.ActiveCfg = Release|Any CPU
		{A182AE0E-79AF-4546-9AAB-77C3569E7CE2}.Release|x64.Build.0 = Release|Any CPU
		{A182AE0E-79AF-4546-9AAB-77C3569E7CE2}.Release|x86.ActiveCfg = Release|Any CPU
		{A182AE0E-79AF-4546-9AAB-77C3569E7CE2}.Release|x86.Build.0 = Release|Any CPU
		{21993336-6CA2-44DD-BD1D-F3474D1718CD}.Debug|Any CPU.ActiveCfg = Debug|Any CPU
		{21993336-6CA2-44DD-BD1D-F3474D1718CD}.Debug|Any CPU.Build.0 = Debug|Any CPU
		{21993336-6CA2-44DD-BD1D-F3474D1718CD}.Debug|x64.ActiveCfg = Debug|Any CPU
		{21993336-6CA2-44DD-BD1D-F3474D1718CD}.Debug|x64.Build.0 = Debug|Any CPU
		{21993336-6CA2-44DD-BD1D-F3474D1718CD}.Debug|x86.ActiveCfg = Debug|Any CPU
		{21993336-6CA2-44DD-BD1D-F3474D1718CD}.Debug|x86.Build.0 = Debug|Any CPU
		{21993336-6CA2-44DD-BD1D-F3474D1718CD}.Release|Any CPU.ActiveCfg = Release|Any CPU
		{21993336-6CA2-44DD-BD1D-F3474D1718CD}.Release|Any CPU.Build.0 = Release|Any CPU
		{21993336-6CA2-44DD-BD1D-F3474D1718CD}.Release|x64.ActiveCfg = Release|Any CPU
		{21993336-6CA2-44DD-BD1D-F3474D1718CD}.Release|x64.Build.0 = Release|Any CPU
		{21993336-6CA2-44DD-BD1D-F3474D1718CD}.Release|x86.ActiveCfg = Release|Any CPU
		{21993336-6CA2-44DD-BD1D-F3474D1718CD}.Release|x86.Build.0 = Release|Any CPU
		{9B002DDC-E512-41EA-9C6B-FE0E429FDB56}.Debug|Any CPU.ActiveCfg = Debug|Any CPU
		{9B002DDC-E512-41EA-9C6B-FE0E429FDB56}.Debug|Any CPU.Build.0 = Debug|Any CPU
		{9B002DDC-E512-41EA-9C6B-FE0E429FDB56}.Debug|x64.ActiveCfg = Debug|Any CPU
		{9B002DDC-E512-41EA-9C6B-FE0E429FDB56}.Debug|x64.Build.0 = Debug|Any CPU
		{9B002DDC-E512-41EA-9C6B-FE0E429FDB56}.Debug|x86.ActiveCfg = Debug|Any CPU
		{9B002DDC-E512-41EA-9C6B-FE0E429FDB56}.Debug|x86.Build.0 = Debug|Any CPU
		{9B002DDC-E512-41EA-9C6B-FE0E429FDB56}.Release|Any CPU.ActiveCfg = Release|Any CPU
		{9B002DDC-E512-41EA-9C6B-FE0E429FDB56}.Release|Any CPU.Build.0 = Release|Any CPU
		{9B002DDC-E512-41EA-9C6B-FE0E429FDB56}.Release|x64.ActiveCfg = Release|Any CPU
		{9B002DDC-E512-41EA-9C6B-FE0E429FDB56}.Release|x64.Build.0 = Release|Any CPU
		{9B002DDC-E512-41EA-9C6B-FE0E429FDB56}.Release|x86.ActiveCfg = Release|Any CPU
		{9B002DDC-E512-41EA-9C6B-FE0E429FDB56}.Release|x86.Build.0 = Release|Any CPU
		{AF54A04B-A2AE-4F27-A02C-351DAA5C5CDA}.Debug|Any CPU.ActiveCfg = Debug|Any CPU
		{AF54A04B-A2AE-4F27-A02C-351DAA5C5CDA}.Debug|Any CPU.Build.0 = Debug|Any CPU
		{AF54A04B-A2AE-4F27-A02C-351DAA5C5CDA}.Debug|x64.ActiveCfg = Debug|Any CPU
		{AF54A04B-A2AE-4F27-A02C-351DAA5C5CDA}.Debug|x64.Build.0 = Debug|Any CPU
		{AF54A04B-A2AE-4F27-A02C-351DAA5C5CDA}.Debug|x86.ActiveCfg = Debug|Any CPU
		{AF54A04B-A2AE-4F27-A02C-351DAA5C5CDA}.Debug|x86.Build.0 = Debug|Any CPU
		{AF54A04B-A2AE-4F27-A02C-351DAA5C5CDA}.Release|Any CPU.ActiveCfg = Release|Any CPU
		{AF54A04B-A2AE-4F27-A02C-351DAA5C5CDA}.Release|Any CPU.Build.0 = Release|Any CPU
		{AF54A04B-A2AE-4F27-A02C-351DAA5C5CDA}.Release|x64.ActiveCfg = Release|Any CPU
		{AF54A04B-A2AE-4F27-A02C-351DAA5C5CDA}.Release|x64.Build.0 = Release|Any CPU
		{AF54A04B-A2AE-4F27-A02C-351DAA5C5CDA}.Release|x86.ActiveCfg = Release|Any CPU
		{AF54A04B-A2AE-4F27-A02C-351DAA5C5CDA}.Release|x86.Build.0 = Release|Any CPU
		{5DB8F9AD-B585-4E78-8F6E-BA6ADD7698D5}.Debug|Any CPU.ActiveCfg = Debug|Any CPU
		{5DB8F9AD-B585-4E78-8F6E-BA6ADD7698D5}.Debug|Any CPU.Build.0 = Debug|Any CPU
		{5DB8F9AD-B585-4E78-8F6E-BA6ADD7698D5}.Debug|x64.ActiveCfg = Debug|Any CPU
		{5DB8F9AD-B585-4E78-8F6E-BA6ADD7698D5}.Debug|x64.Build.0 = Debug|Any CPU
		{5DB8F9AD-B585-4E78-8F6E-BA6ADD7698D5}.Debug|x86.ActiveCfg = Debug|Any CPU
		{5DB8F9AD-B585-4E78-8F6E-BA6ADD7698D5}.Debug|x86.Build.0 = Debug|Any CPU
		{5DB8F9AD-B585-4E78-8F6E-BA6ADD7698D5}.Release|Any CPU.ActiveCfg = Release|Any CPU
		{5DB8F9AD-B585-4E78-8F6E-BA6ADD7698D5}.Release|Any CPU.Build.0 = Release|Any CPU
		{5DB8F9AD-B585-4E78-8F6E-BA6ADD7698D5}.Release|x64.ActiveCfg = Release|Any CPU
		{5DB8F9AD-B585-4E78-8F6E-BA6ADD7698D5}.Release|x64.Build.0 = Release|Any CPU
		{5DB8F9AD-B585-4E78-8F6E-BA6ADD7698D5}.Release|x86.ActiveCfg = Release|Any CPU
		{5DB8F9AD-B585-4E78-8F6E-BA6ADD7698D5}.Release|x86.Build.0 = Release|Any CPU
		{9993FAE2-B355-4F4C-A099-553B9E6FB665}.Debug|Any CPU.ActiveCfg = Debug|Any CPU
		{9993FAE2-B355-4F4C-A099-553B9E6FB665}.Debug|Any CPU.Build.0 = Debug|Any CPU
		{9993FAE2-B355-4F4C-A099-553B9E6FB665}.Debug|x64.ActiveCfg = Debug|Any CPU
		{9993FAE2-B355-4F4C-A099-553B9E6FB665}.Debug|x64.Build.0 = Debug|Any CPU
		{9993FAE2-B355-4F4C-A099-553B9E6FB665}.Debug|x86.ActiveCfg = Debug|Any CPU
		{9993FAE2-B355-4F4C-A099-553B9E6FB665}.Debug|x86.Build.0 = Debug|Any CPU
		{9993FAE2-B355-4F4C-A099-553B9E6FB665}.Release|Any CPU.ActiveCfg = Release|Any CPU
		{9993FAE2-B355-4F4C-A099-553B9E6FB665}.Release|Any CPU.Build.0 = Release|Any CPU
		{9993FAE2-B355-4F4C-A099-553B9E6FB665}.Release|x64.ActiveCfg = Release|Any CPU
		{9993FAE2-B355-4F4C-A099-553B9E6FB665}.Release|x64.Build.0 = Release|Any CPU
		{9993FAE2-B355-4F4C-A099-553B9E6FB665}.Release|x86.ActiveCfg = Release|Any CPU
		{9993FAE2-B355-4F4C-A099-553B9E6FB665}.Release|x86.Build.0 = Release|Any CPU
	EndGlobalSection
	GlobalSection(SolutionProperties) = preSolution
		HideSolutionNode = FALSE
	EndGlobalSection
	GlobalSection(NestedProjects) = preSolution
		{D34778E4-4D50-47F5-86AB-859F4789E12B} = {3AAC8201-2F71-4D7F-9A5C-37E492DEDF2B}
		{3E50B5C5-18BA-4A6B-BE60-EFF36002BD42} = {3AAC8201-2F71-4D7F-9A5C-37E492DEDF2B}
		{153DB877-309A-473A-A24F-94A1B56C2556} = {3AAC8201-2F71-4D7F-9A5C-37E492DEDF2B}
		{DE378086-513B-441C-9C69-9A46B3B6A9EF} = {3AAC8201-2F71-4D7F-9A5C-37E492DEDF2B}
		{37DB6491-157F-4389-8696-3E0D13814B56} = {3AAC8201-2F71-4D7F-9A5C-37E492DEDF2B}
		{43BA636D-92E3-470C-9E46-1FFE37372349} = {3AAC8201-2F71-4D7F-9A5C-37E492DEDF2B}
		{BCA53D7D-466C-4B16-880E-E8ED127A4CC2} = {3AAC8201-2F71-4D7F-9A5C-37E492DEDF2B}
		{DBAB7210-C570-461B-8AF1-95189A1B4716} = {3AAC8201-2F71-4D7F-9A5C-37E492DEDF2B}
		{EA49DE46-B70E-4822-9E83-FD610FCA64E2} = {3AAC8201-2F71-4D7F-9A5C-37E492DEDF2B}
		{892EF7A7-A518-4B84-BB8A-B7D43CAFC3CF} = {3AAC8201-2F71-4D7F-9A5C-37E492DEDF2B}
		{85E79539-27B6-45CE-A1F2-FEEA442A1411} = {3AAC8201-2F71-4D7F-9A5C-37E492DEDF2B}
		{6F28109B-8816-41CD-9FF6-697ACF08CB64} = {3AAC8201-2F71-4D7F-9A5C-37E492DEDF2B}
		{7E5A31C2-454E-47B6-957E-1FF551495779} = {3AAC8201-2F71-4D7F-9A5C-37E492DEDF2B}
		{169F69BB-AE0E-48B4-A057-162C76DD07DE} = {3AAC8201-2F71-4D7F-9A5C-37E492DEDF2B}
		{E38306D2-586A-4618-9D22-042C8652C104} = {3AAC8201-2F71-4D7F-9A5C-37E492DEDF2B}
		{FA97A82F-E026-4276-83C0-CB53C3D7CA87} = {3AAC8201-2F71-4D7F-9A5C-37E492DEDF2B}
		{994348EB-89F8-436B-88EB-521D8983045B} = {3AAC8201-2F71-4D7F-9A5C-37E492DEDF2B}
		{0E6C1700-B510-43A4-A4BE-C2C7F9C1E527} = {3AAC8201-2F71-4D7F-9A5C-37E492DEDF2B}
		{BA00DAE1-C3E6-48AA-8F1A-3A63DD777E54} = {3AAC8201-2F71-4D7F-9A5C-37E492DEDF2B}
		{F43A7A3E-6DB4-47CC-B309-9100C02ECA04} = {3AAC8201-2F71-4D7F-9A5C-37E492DEDF2B}
		{652E848F-053D-4BA8-AF48-9F117C08E3C0} = {3AAC8201-2F71-4D7F-9A5C-37E492DEDF2B}
		{4420E63F-BF56-4E48-A522-199CB5F174F4} = {3AAC8201-2F71-4D7F-9A5C-37E492DEDF2B}
		{4C04AEA9-EF62-4951-A94C-E0F11741C34D} = {3AAC8201-2F71-4D7F-9A5C-37E492DEDF2B}
		{18848B92-5329-4AB5-A29A-6635517B7FB3} = {3AAC8201-2F71-4D7F-9A5C-37E492DEDF2B}
		{6105BFB4-2945-43DD-BA5F-1854CD9A9CD4} = {3AAC8201-2F71-4D7F-9A5C-37E492DEDF2B}
		{D8AD6E99-05C7-45F4-871B-1BA1627C341B} = {3AAC8201-2F71-4D7F-9A5C-37E492DEDF2B}
		{FA6FFBAF-F4AA-4320-8C9D-5FB395AB6179} = {3AAC8201-2F71-4D7F-9A5C-37E492DEDF2B}
		{DAFE7EB3-76D7-4F92-BE5D-DDD77AB82FC4} = {3AAC8201-2F71-4D7F-9A5C-37E492DEDF2B}
		{146F9847-9381-425A-AE60-FEB15B401E83} = {3AAC8201-2F71-4D7F-9A5C-37E492DEDF2B}
		{D4AF1391-48B8-484F-820F-5C5851539E07} = {3AAC8201-2F71-4D7F-9A5C-37E492DEDF2B}
		{43A5330E-650B-408A-BCA9-0F6B54E7C1FD} = {3AAC8201-2F71-4D7F-9A5C-37E492DEDF2B}
		{446055BD-F1DF-4BBA-8B70-0B51111BD83B} = {3AAC8201-2F71-4D7F-9A5C-37E492DEDF2B}
		{9A15779A-512B-4CFA-A42B-580B7F8702C9} = {3AAC8201-2F71-4D7F-9A5C-37E492DEDF2B}
		{3354FC84-468A-42D7-B78A-C7BE50B0AEEF} = {3AAC8201-2F71-4D7F-9A5C-37E492DEDF2B}
		{457125D8-C0D1-4A6D-8649-40D7A81E4802} = {3AAC8201-2F71-4D7F-9A5C-37E492DEDF2B}
		{CA585A5D-3FBB-46B1-9B5C-3ECECDE58894} = {3AAC8201-2F71-4D7F-9A5C-37E492DEDF2B}
		{597275CF-F053-4543-AA7B-96CBB4CD2367} = {3AAC8201-2F71-4D7F-9A5C-37E492DEDF2B}
		{EEDE6C79-9A96-42B2-93C2-A3C0D15BBA00} = {3AAC8201-2F71-4D7F-9A5C-37E492DEDF2B}
		{5EA5407B-620E-4416-ADD1-6E17262FF9B5} = {3AAC8201-2F71-4D7F-9A5C-37E492DEDF2B}
		{0A0262F7-9D09-4D9E-80D1-B25F8597E21E} = {3AAC8201-2F71-4D7F-9A5C-37E492DEDF2B}
		{20963E0D-3B6D-497A-B289-AA0856F4FC23} = {3AAC8201-2F71-4D7F-9A5C-37E492DEDF2B}
		{A182AE0E-79AF-4546-9AAB-77C3569E7CE2} = {3AAC8201-2F71-4D7F-9A5C-37E492DEDF2B}
		{21993336-6CA2-44DD-BD1D-F3474D1718CD} = {3AAC8201-2F71-4D7F-9A5C-37E492DEDF2B}
		{9B002DDC-E512-41EA-9C6B-FE0E429FDB56} = {3AAC8201-2F71-4D7F-9A5C-37E492DEDF2B}
		{AF54A04B-A2AE-4F27-A02C-351DAA5C5CDA} = {3AAC8201-2F71-4D7F-9A5C-37E492DEDF2B}
		{5DB8F9AD-B585-4E78-8F6E-BA6ADD7698D5} = {3AAC8201-2F71-4D7F-9A5C-37E492DEDF2B}
		{9993FAE2-B355-4F4C-A099-553B9E6FB665} = {3AAC8201-2F71-4D7F-9A5C-37E492DEDF2B}
	EndGlobalSection
	GlobalSection(ExtensibilityGlobals) = postSolution
		SolutionGuid = {8486BC28-C4D7-4238-A020-0E2160EF4C48}
	EndGlobalSection
EndGlobal
